// !$*UTF8*$!
{
	archiveVersion = 1;
	classes = {
	};
	objectVersion = 46;
	objects = {

/* Begin PBXBuildFile section */
		1AC6FB21180E996B004C840B /* libcocos2d Mac.a in Frameworks */ = {isa = PBXBuildFile; fileRef = 1AC6FAF9180E9839004C840B /* libcocos2d Mac.a */; };
		1AC6FB30180E99EB004C840B /* libcocos2d iOS.a in Frameworks */ = {isa = PBXBuildFile; fileRef = 1AC6FB07180E9839004C840B /* libcocos2d iOS.a */; };
		1D60589F0D05DD5A006BFB54 /* Foundation.framework in Frameworks */ = {isa = PBXBuildFile; fileRef = 1D30AB110D05D00D00671497 /* Foundation.framework */; };
		1DF5F4E00D08C38300B7A737 /* UIKit.framework in Frameworks */ = {isa = PBXBuildFile; fileRef = 1DF5F4DF0D08C38300B7A737 /* UIKit.framework */; };
		288765A50DF7441C002DB57D /* CoreGraphics.framework in Frameworks */ = {isa = PBXBuildFile; fileRef = 288765A40DF7441C002DB57D /* CoreGraphics.framework */; };
		294D0D641D0D56D500F7F5D4 /* CoreText.framework in Frameworks */ = {isa = PBXBuildFile; fileRef = 294D0D631D0D56D500F7F5D4 /* CoreText.framework */; };
		46880B8819C43A87006E1F66 /* AppDelegate.cpp in Sources */ = {isa = PBXBuildFile; fileRef = 46880B8419C43A87006E1F66 /* AppDelegate.cpp */; };
		46880B8919C43A87006E1F66 /* AppDelegate.cpp in Sources */ = {isa = PBXBuildFile; fileRef = 46880B8419C43A87006E1F66 /* AppDelegate.cpp */; };
		4F12CC94207890190033DE0E /* ResolutionChecker.cpp in Sources */ = {isa = PBXBuildFile; fileRef = 4F12CC92207890190033DE0E /* ResolutionChecker.cpp */; };
		4F12CC95207890190033DE0E /* ResolutionChecker.cpp in Sources */ = {isa = PBXBuildFile; fileRef = 4F12CC92207890190033DE0E /* ResolutionChecker.cpp */; };
		4F2CBFEE202F1E7D00169E86 /* SoundPlayer.cpp in Sources */ = {isa = PBXBuildFile; fileRef = 4F2CBFEC202F1E7D00169E86 /* SoundPlayer.cpp */; };
		4F2CBFEF202F1E7D00169E86 /* SoundPlayer.cpp in Sources */ = {isa = PBXBuildFile; fileRef = 4F2CBFEC202F1E7D00169E86 /* SoundPlayer.cpp */; };
		4F2CBFF2202F1E9300169E86 /* SpriteAnimator.cpp in Sources */ = {isa = PBXBuildFile; fileRef = 4F2CBFF0202F1E9300169E86 /* SpriteAnimator.cpp */; };
		4F2CBFF3202F1E9300169E86 /* SpriteAnimator.cpp in Sources */ = {isa = PBXBuildFile; fileRef = 4F2CBFF0202F1E9300169E86 /* SpriteAnimator.cpp */; };
		4F2CBFF9202F22CD00169E86 /* SplashScene.cpp in Sources */ = {isa = PBXBuildFile; fileRef = 4F2CBFF7202F22CD00169E86 /* SplashScene.cpp */; };
		4F2CBFFA202F22CD00169E86 /* SplashScene.cpp in Sources */ = {isa = PBXBuildFile; fileRef = 4F2CBFF7202F22CD00169E86 /* SplashScene.cpp */; };
		4F2CBFFD202F252000169E86 /* LoadingView.cpp in Sources */ = {isa = PBXBuildFile; fileRef = 4F2CBFFB202F252000169E86 /* LoadingView.cpp */; };
		4F2CBFFE202F252000169E86 /* LoadingView.cpp in Sources */ = {isa = PBXBuildFile; fileRef = 4F2CBFFB202F252000169E86 /* LoadingView.cpp */; };
		4F3AE44B202EE30500B687FB /* LogoScene.cpp in Sources */ = {isa = PBXBuildFile; fileRef = 4F3AE449202EE30500B687FB /* LogoScene.cpp */; };
		4F3AE44C202EE30500B687FB /* LogoScene.cpp in Sources */ = {isa = PBXBuildFile; fileRef = 4F3AE449202EE30500B687FB /* LogoScene.cpp */; };
		4F3AE44F202EE32E00B687FB /* Resolution.cpp in Sources */ = {isa = PBXBuildFile; fileRef = 4F3AE44D202EE32E00B687FB /* Resolution.cpp */; };
		4F3AE450202EE32E00B687FB /* Resolution.cpp in Sources */ = {isa = PBXBuildFile; fileRef = 4F3AE44D202EE32E00B687FB /* Resolution.cpp */; };
		4F3AE454202EE9E000B687FB /* ViewHelper.cpp in Sources */ = {isa = PBXBuildFile; fileRef = 4F3AE452202EE9E000B687FB /* ViewHelper.cpp */; };
		4F3AE455202EE9E000B687FB /* ViewHelper.cpp in Sources */ = {isa = PBXBuildFile; fileRef = 4F3AE452202EE9E000B687FB /* ViewHelper.cpp */; };
		4F3AE458202EE9F600B687FB /* LogoView.cpp in Sources */ = {isa = PBXBuildFile; fileRef = 4F3AE456202EE9F600B687FB /* LogoView.cpp */; };
		4F3AE459202EE9F600B687FB /* LogoView.cpp in Sources */ = {isa = PBXBuildFile; fileRef = 4F3AE456202EE9F600B687FB /* LogoView.cpp */; };
		4F3AE45D202F03D700B687FB /* Position.cpp in Sources */ = {isa = PBXBuildFile; fileRef = 4F3AE45B202F03D700B687FB /* Position.cpp */; };
		4F3AE45E202F03D700B687FB /* Position.cpp in Sources */ = {isa = PBXBuildFile; fileRef = 4F3AE45B202F03D700B687FB /* Position.cpp */; };
		4F3AE461202F040400B687FB /* ScreenProperties.cpp in Sources */ = {isa = PBXBuildFile; fileRef = 4F3AE45F202F040400B687FB /* ScreenProperties.cpp */; };
		4F3AE462202F040400B687FB /* ScreenProperties.cpp in Sources */ = {isa = PBXBuildFile; fileRef = 4F3AE45F202F040400B687FB /* ScreenProperties.cpp */; };
		4F3B0B81205E57C500D4B53C /* PathFinder.cpp in Sources */ = {isa = PBXBuildFile; fileRef = 4F3B0B7E205E57C500D4B53C /* PathFinder.cpp */; };
		4F3B0B82205E57C500D4B53C /* PathFinder.cpp in Sources */ = {isa = PBXBuildFile; fileRef = 4F3B0B7E205E57C500D4B53C /* PathFinder.cpp */; };
		4F576D152075E17E00011BC7 /* GridView.cpp in Sources */ = {isa = PBXBuildFile; fileRef = 4F576D132075E17E00011BC7 /* GridView.cpp */; };
		4F576D162075E17E00011BC7 /* GridView.cpp in Sources */ = {isa = PBXBuildFile; fileRef = 4F576D132075E17E00011BC7 /* GridView.cpp */; };
		4F576D1A2075E56200011BC7 /* Coordinate2Screen.cpp in Sources */ = {isa = PBXBuildFile; fileRef = 4F576D182075E56200011BC7 /* Coordinate2Screen.cpp */; };
		4F576D1B2075E56200011BC7 /* Coordinate2Screen.cpp in Sources */ = {isa = PBXBuildFile; fileRef = 4F576D182075E56200011BC7 /* Coordinate2Screen.cpp */; };
		4F72383F20637E0D0064037C /* HeroRepository.cpp in Sources */ = {isa = PBXBuildFile; fileRef = 4F72383D20637E0D0064037C /* HeroRepository.cpp */; };
		4F72384020637E0D0064037C /* HeroRepository.cpp in Sources */ = {isa = PBXBuildFile; fileRef = 4F72383D20637E0D0064037C /* HeroRepository.cpp */; };
		4F72384320637E450064037C /* Battle.cpp in Sources */ = {isa = PBXBuildFile; fileRef = 4F72384120637E440064037C /* Battle.cpp */; };
		4F72384420637E450064037C /* Battle.cpp in Sources */ = {isa = PBXBuildFile; fileRef = 4F72384120637E440064037C /* Battle.cpp */; };
		4F72384820637E580064037C /* BattleFactory.cpp in Sources */ = {isa = PBXBuildFile; fileRef = 4F72384720637E580064037C /* BattleFactory.cpp */; };
		4F72384920637E580064037C /* BattleFactory.cpp in Sources */ = {isa = PBXBuildFile; fileRef = 4F72384720637E580064037C /* BattleFactory.cpp */; };
		4F72384C20637E850064037C /* BattleParser.cpp in Sources */ = {isa = PBXBuildFile; fileRef = 4F72384A20637E850064037C /* BattleParser.cpp */; };
		4F72384D20637E850064037C /* BattleParser.cpp in Sources */ = {isa = PBXBuildFile; fileRef = 4F72384A20637E850064037C /* BattleParser.cpp */; };
		4F7314BE205CF3D4005AAB83 /* BattleHero.cpp in Sources */ = {isa = PBXBuildFile; fileRef = 4F7314BD205CF3D4005AAB83 /* BattleHero.cpp */; };
		4F7314BF205CF3D4005AAB83 /* BattleHero.cpp in Sources */ = {isa = PBXBuildFile; fileRef = 4F7314BD205CF3D4005AAB83 /* BattleHero.cpp */; };
		4F7314C3205CF5B5005AAB83 /* BattleView.cpp in Sources */ = {isa = PBXBuildFile; fileRef = 4F7314C1205CF5B5005AAB83 /* BattleView.cpp */; };
		4F7314C4205CF5B5005AAB83 /* BattleView.cpp in Sources */ = {isa = PBXBuildFile; fileRef = 4F7314C1205CF5B5005AAB83 /* BattleView.cpp */; };
		4F7EB1632069FF340086A900 /* BattleContainer.cpp in Sources */ = {isa = PBXBuildFile; fileRef = 4F7EB1612069FF340086A900 /* BattleContainer.cpp */; };
		4F7EB1642069FF340086A900 /* BattleContainer.cpp in Sources */ = {isa = PBXBuildFile; fileRef = 4F7EB1612069FF340086A900 /* BattleContainer.cpp */; };
		4F89105A2034BF2800D8382C /* Coordinate.cpp in Sources */ = {isa = PBXBuildFile; fileRef = 4F8910582034BF2800D8382C /* Coordinate.cpp */; };
		4F89105B2034BF2800D8382C /* Coordinate.cpp in Sources */ = {isa = PBXBuildFile; fileRef = 4F8910582034BF2800D8382C /* Coordinate.cpp */; };
		4F89105E2034BF3A00D8382C /* Grid.cpp in Sources */ = {isa = PBXBuildFile; fileRef = 4F89105C2034BF3A00D8382C /* Grid.cpp */; };
		4F89105F2034BF3A00D8382C /* Grid.cpp in Sources */ = {isa = PBXBuildFile; fileRef = 4F89105C2034BF3A00D8382C /* Grid.cpp */; };
		4F9604CF2059A12C004CAEED /* HeroView.cpp in Sources */ = {isa = PBXBuildFile; fileRef = 4F9604CD2059A12C004CAEED /* HeroView.cpp */; };
		4F9604D02059A12C004CAEED /* HeroView.cpp in Sources */ = {isa = PBXBuildFile; fileRef = 4F9604CD2059A12C004CAEED /* HeroView.cpp */; };
		4FA6AD68202F7C8800158956 /* SplashView.cpp in Sources */ = {isa = PBXBuildFile; fileRef = 4FA6AD66202F7C8800158956 /* SplashView.cpp */; };
		4FA6AD69202F7C8800158956 /* SplashView.cpp in Sources */ = {isa = PBXBuildFile; fileRef = 4FA6AD66202F7C8800158956 /* SplashView.cpp */; };
		4FA6AD70202F809A00158956 /* MainMenuScene.cpp in Sources */ = {isa = PBXBuildFile; fileRef = 4FA6AD6E202F809A00158956 /* MainMenuScene.cpp */; };
		4FA6AD71202F809A00158956 /* MainMenuScene.cpp in Sources */ = {isa = PBXBuildFile; fileRef = 4FA6AD6E202F809A00158956 /* MainMenuScene.cpp */; };
		4FA6AD74202F83A200158956 /* BackgroundView.cpp in Sources */ = {isa = PBXBuildFile; fileRef = 4FA6AD72202F83A200158956 /* BackgroundView.cpp */; };
		4FA6AD75202F83A200158956 /* BackgroundView.cpp in Sources */ = {isa = PBXBuildFile; fileRef = 4FA6AD72202F83A200158956 /* BackgroundView.cpp */; };
		4FA6AD7E202F8FC200158956 /* WorldView.cpp in Sources */ = {isa = PBXBuildFile; fileRef = 4FA6AD7C202F8FC200158956 /* WorldView.cpp */; };
		4FA6AD7F202F8FC200158956 /* WorldView.cpp in Sources */ = {isa = PBXBuildFile; fileRef = 4FA6AD7C202F8FC200158956 /* WorldView.cpp */; };
		4FA6AD85202F965E00158956 /* SpritesInitializer.cpp in Sources */ = {isa = PBXBuildFile; fileRef = 4FA6AD83202F965E00158956 /* SpritesInitializer.cpp */; };
		4FA6AD86202F965E00158956 /* SpritesInitializer.cpp in Sources */ = {isa = PBXBuildFile; fileRef = 4FA6AD83202F965E00158956 /* SpritesInitializer.cpp */; };
		4FBCDC4F2032008E006B3B5E /* BattleScene.cpp in Sources */ = {isa = PBXBuildFile; fileRef = 4FBCDC4D2032008E006B3B5E /* BattleScene.cpp */; };
		4FBCDC502032008E006B3B5E /* BattleScene.cpp in Sources */ = {isa = PBXBuildFile; fileRef = 4FBCDC4D2032008E006B3B5E /* BattleScene.cpp */; };
		4FBCDC532032031D006B3B5E /* BattleBackgroundView.cpp in Sources */ = {isa = PBXBuildFile; fileRef = 4FBCDC512032031D006B3B5E /* BattleBackgroundView.cpp */; };
		4FBCDC542032031D006B3B5E /* BattleBackgroundView.cpp in Sources */ = {isa = PBXBuildFile; fileRef = 4FBCDC512032031D006B3B5E /* BattleBackgroundView.cpp */; };
		4FBCDC582032079A006B3B5E /* BattleInitCustomActions.cpp in Sources */ = {isa = PBXBuildFile; fileRef = 4FBCDC562032079A006B3B5E /* BattleInitCustomActions.cpp */; };
		4FBCDC592032079A006B3B5E /* BattleInitCustomActions.cpp in Sources */ = {isa = PBXBuildFile; fileRef = 4FBCDC562032079A006B3B5E /* BattleInitCustomActions.cpp */; };
		4FBCDC5E2032207E006B3B5E /* Hero.cpp in Sources */ = {isa = PBXBuildFile; fileRef = 4FBCDC5C2032207E006B3B5E /* Hero.cpp */; };
		4FBCDC5F2032207E006B3B5E /* Hero.cpp in Sources */ = {isa = PBXBuildFile; fileRef = 4FBCDC5C2032207E006B3B5E /* Hero.cpp */; };
		4FBCDC68203220CD006B3B5E /* GridHD.cpp in Sources */ = {isa = PBXBuildFile; fileRef = 4FBCDC60203220CC006B3B5E /* GridHD.cpp */; };
		4FBCDC69203220CD006B3B5E /* GridHD.cpp in Sources */ = {isa = PBXBuildFile; fileRef = 4FBCDC60203220CC006B3B5E /* GridHD.cpp */; };
		4FBCDC6A203220CD006B3B5E /* GridSD.cpp in Sources */ = {isa = PBXBuildFile; fileRef = 4FBCDC63203220CD006B3B5E /* GridSD.cpp */; };
		4FBCDC6B203220CD006B3B5E /* GridSD.cpp in Sources */ = {isa = PBXBuildFile; fileRef = 4FBCDC63203220CD006B3B5E /* GridSD.cpp */; };
		4FBCDC6C203220CD006B3B5E /* GridSystem.cpp in Sources */ = {isa = PBXBuildFile; fileRef = 4FBCDC65203220CD006B3B5E /* GridSystem.cpp */; };
		4FBCDC6D203220CD006B3B5E /* GridSystem.cpp in Sources */ = {isa = PBXBuildFile; fileRef = 4FBCDC65203220CD006B3B5E /* GridSystem.cpp */; };
		4FBCDC6E203220CD006B3B5E /* GridHDR.cpp in Sources */ = {isa = PBXBuildFile; fileRef = 4FBCDC67203220CD006B3B5E /* GridHDR.cpp */; };
		4FBCDC6F203220CD006B3B5E /* GridHDR.cpp in Sources */ = {isa = PBXBuildFile; fileRef = 4FBCDC67203220CD006B3B5E /* GridHDR.cpp */; };
		4FD30897205ED742007D8039 /* HeroMoveEventListener.cpp in Sources */ = {isa = PBXBuildFile; fileRef = 4FD30895205ED742007D8039 /* HeroMoveEventListener.cpp */; };
		4FD30898205ED742007D8039 /* HeroMoveEventListener.cpp in Sources */ = {isa = PBXBuildFile; fileRef = 4FD30895205ED742007D8039 /* HeroMoveEventListener.cpp */; };
		4FD96FD0205B84F700C0F5A1 /* StringFileReader.cpp in Sources */ = {isa = PBXBuildFile; fileRef = 4FD96FCE205B84F700C0F5A1 /* StringFileReader.cpp */; };
		4FD96FD1205B84F700C0F5A1 /* StringFileReader.cpp in Sources */ = {isa = PBXBuildFile; fileRef = 4FD96FCE205B84F700C0F5A1 /* StringFileReader.cpp */; };
		4FE0EAE120303AD600E6DD88 /* BattleButton.cpp in Sources */ = {isa = PBXBuildFile; fileRef = 4FE0EADF20303AD600E6DD88 /* BattleButton.cpp */; };
		4FE0EAE220303AD600E6DD88 /* BattleButton.cpp in Sources */ = {isa = PBXBuildFile; fileRef = 4FE0EADF20303AD600E6DD88 /* BattleButton.cpp */; };
		4FE0EAE92030410000E6DD88 /* FontCreator.cpp in Sources */ = {isa = PBXBuildFile; fileRef = 4FE0EAE72030410000E6DD88 /* FontCreator.cpp */; };
		4FE0EAEA2030410000E6DD88 /* FontCreator.cpp in Sources */ = {isa = PBXBuildFile; fileRef = 4FE0EAE72030410000E6DD88 /* FontCreator.cpp */; };
		4FE0EAED203046C100E6DD88 /* img in Resources */ = {isa = PBXBuildFile; fileRef = 4FE0EAEC203046C100E6DD88 /* img */; };
		4FE0EAEE203046C100E6DD88 /* img in Resources */ = {isa = PBXBuildFile; fileRef = 4FE0EAEC203046C100E6DD88 /* img */; };
		4FE0EAF020304B5300E6DD88 /* ui in Resources */ = {isa = PBXBuildFile; fileRef = 4FE0EAEF20304B5300E6DD88 /* ui */; };
		4FE0EAF120304B5300E6DD88 /* ui in Resources */ = {isa = PBXBuildFile; fileRef = 4FE0EAEF20304B5300E6DD88 /* ui */; };
		4FE0EAF620304B8500E6DD88 /* sprites in Resources */ = {isa = PBXBuildFile; fileRef = 4FE0EAF520304B8500E6DD88 /* sprites */; };
		4FE0EAF720304B8500E6DD88 /* sprites in Resources */ = {isa = PBXBuildFile; fileRef = 4FE0EAF520304B8500E6DD88 /* sprites */; };
		4FE0EAF920304D5800E6DD88 /* sounds in Resources */ = {isa = PBXBuildFile; fileRef = 4FE0EAF820304D5800E6DD88 /* sounds */; };
		4FE0EAFA20304D5800E6DD88 /* sounds in Resources */ = {isa = PBXBuildFile; fileRef = 4FE0EAF820304D5800E6DD88 /* sounds */; };
		4FEFCC20205AE61700D447C4 /* JsonParser.cpp in Sources */ = {isa = PBXBuildFile; fileRef = 4FEFCC1C205AE61700D447C4 /* JsonParser.cpp */; };
		4FEFCC21205AE61700D447C4 /* JsonParser.cpp in Sources */ = {isa = PBXBuildFile; fileRef = 4FEFCC1C205AE61700D447C4 /* JsonParser.cpp */; };
		4FEFCC22205AE61700D447C4 /* HeroParser.cpp in Sources */ = {isa = PBXBuildFile; fileRef = 4FEFCC1D205AE61700D447C4 /* HeroParser.cpp */; };
		4FEFCC23205AE61700D447C4 /* HeroParser.cpp in Sources */ = {isa = PBXBuildFile; fileRef = 4FEFCC1D205AE61700D447C4 /* HeroParser.cpp */; };
		4FEFCC25205AE97400D447C4 /* data in Resources */ = {isa = PBXBuildFile; fileRef = 4FEFCC24205AE97400D447C4 /* data */; };
		4FEFCC26205AE97400D447C4 /* data in Resources */ = {isa = PBXBuildFile; fileRef = 4FEFCC24205AE97400D447C4 /* data */; };
		503AE0F817EB97AB00D1A890 /* Icon.icns in Resources */ = {isa = PBXBuildFile; fileRef = 503AE0F617EB97AB00D1A890 /* Icon.icns */; };
		503AE10017EB989F00D1A890 /* AppController.mm in Sources */ = {isa = PBXBuildFile; fileRef = 503AE0FB17EB989F00D1A890 /* AppController.mm */; };
		503AE10117EB989F00D1A890 /* main.m in Sources */ = {isa = PBXBuildFile; fileRef = 503AE0FC17EB989F00D1A890 /* main.m */; };
		503AE10217EB989F00D1A890 /* RootViewController.mm in Sources */ = {isa = PBXBuildFile; fileRef = 503AE0FF17EB989F00D1A890 /* RootViewController.mm */; };
		503AE10517EB98FF00D1A890 /* main.cpp in Sources */ = {isa = PBXBuildFile; fileRef = 503AE10317EB98FF00D1A890 /* main.cpp */; };
		503AE11B17EB9C5A00D1A890 /* IOKit.framework in Frameworks */ = {isa = PBXBuildFile; fileRef = 503AE11A17EB9C5A00D1A890 /* IOKit.framework */; };
		5087E76317EB910900C73F5D /* Foundation.framework in Frameworks */ = {isa = PBXBuildFile; fileRef = 1D30AB110D05D00D00671497 /* Foundation.framework */; };
		5087E76717EB910900C73F5D /* libz.dylib in Frameworks */ = {isa = PBXBuildFile; fileRef = BF170DB412928DE900B8313A /* libz.dylib */; };
		5087E76817EB910900C73F5D /* QuartzCore.framework in Frameworks */ = {isa = PBXBuildFile; fileRef = BF1C47EA1293683800B63C5D /* QuartzCore.framework */; };
		5087E76917EB910900C73F5D /* OpenAL.framework in Frameworks */ = {isa = PBXBuildFile; fileRef = D44C620B132DFF330009C878 /* OpenAL.framework */; };
		5087E76A17EB910900C73F5D /* AVFoundation.framework in Frameworks */ = {isa = PBXBuildFile; fileRef = D44C620D132DFF430009C878 /* AVFoundation.framework */; };
		5087E76B17EB910900C73F5D /* AudioToolbox.framework in Frameworks */ = {isa = PBXBuildFile; fileRef = D44C620F132DFF4E0009C878 /* AudioToolbox.framework */; };
		5087E77D17EB970100C73F5D /* Default-568h@2x.png in Resources */ = {isa = PBXBuildFile; fileRef = 5087E77217EB970100C73F5D /* Default-568h@2x.png */; };
		5087E77E17EB970100C73F5D /* Default.png in Resources */ = {isa = PBXBuildFile; fileRef = 5087E77317EB970100C73F5D /* Default.png */; };
		5087E77F17EB970100C73F5D /* Default@2x.png in Resources */ = {isa = PBXBuildFile; fileRef = 5087E77417EB970100C73F5D /* Default@2x.png */; };
		5087E78017EB970100C73F5D /* Icon-114.png in Resources */ = {isa = PBXBuildFile; fileRef = 5087E77517EB970100C73F5D /* Icon-114.png */; };
		5087E78117EB970100C73F5D /* Icon-120.png in Resources */ = {isa = PBXBuildFile; fileRef = 5087E77617EB970100C73F5D /* Icon-120.png */; };
		5087E78217EB970100C73F5D /* Icon-144.png in Resources */ = {isa = PBXBuildFile; fileRef = 5087E77717EB970100C73F5D /* Icon-144.png */; };
		5087E78317EB970100C73F5D /* Icon-152.png in Resources */ = {isa = PBXBuildFile; fileRef = 5087E77817EB970100C73F5D /* Icon-152.png */; };
		5087E78417EB970100C73F5D /* Icon-57.png in Resources */ = {isa = PBXBuildFile; fileRef = 5087E77917EB970100C73F5D /* Icon-57.png */; };
		5087E78517EB970100C73F5D /* Icon-72.png in Resources */ = {isa = PBXBuildFile; fileRef = 5087E77A17EB970100C73F5D /* Icon-72.png */; };
		5087E78617EB970100C73F5D /* Icon-76.png in Resources */ = {isa = PBXBuildFile; fileRef = 5087E77B17EB970100C73F5D /* Icon-76.png */; };
		5087E78917EB974C00C73F5D /* AppKit.framework in Frameworks */ = {isa = PBXBuildFile; fileRef = 5087E78817EB974C00C73F5D /* AppKit.framework */; };
		5087E78B17EB975400C73F5D /* OpenGL.framework in Frameworks */ = {isa = PBXBuildFile; fileRef = 5087E78A17EB975400C73F5D /* OpenGL.framework */; };
		50EF629617ECD46A001EB2F8 /* Icon-40.png in Resources */ = {isa = PBXBuildFile; fileRef = 50EF629217ECD46A001EB2F8 /* Icon-40.png */; };
		50EF629717ECD46A001EB2F8 /* Icon-58.png in Resources */ = {isa = PBXBuildFile; fileRef = 50EF629317ECD46A001EB2F8 /* Icon-58.png */; };
		50EF629817ECD46A001EB2F8 /* Icon-80.png in Resources */ = {isa = PBXBuildFile; fileRef = 50EF629417ECD46A001EB2F8 /* Icon-80.png */; };
		50EF629917ECD46A001EB2F8 /* Icon-100.png in Resources */ = {isa = PBXBuildFile; fileRef = 50EF629517ECD46A001EB2F8 /* Icon-100.png */; };
		50EF62A217ECD613001EB2F8 /* Icon-29.png in Resources */ = {isa = PBXBuildFile; fileRef = 50EF62A017ECD613001EB2F8 /* Icon-29.png */; };
		50EF62A317ECD613001EB2F8 /* Icon-50.png in Resources */ = {isa = PBXBuildFile; fileRef = 50EF62A117ECD613001EB2F8 /* Icon-50.png */; };
		521A8E6419F0C34300D177D7 /* Default-667h@2x.png in Resources */ = {isa = PBXBuildFile; fileRef = 521A8E6219F0C34300D177D7 /* Default-667h@2x.png */; };
		521A8E6519F0C34300D177D7 /* Default-736h@3x.png in Resources */ = {isa = PBXBuildFile; fileRef = 521A8E6319F0C34300D177D7 /* Default-736h@3x.png */; };
		521A8EA919F11F5000D177D7 /* fonts in Resources */ = {isa = PBXBuildFile; fileRef = 521A8EA819F11F5000D177D7 /* fonts */; };
		521A8EAA19F11F5000D177D7 /* fonts in Resources */ = {isa = PBXBuildFile; fileRef = 521A8EA819F11F5000D177D7 /* fonts */; };
		52B47A471A53D09C004E4C60 /* Security.framework in Frameworks */ = {isa = PBXBuildFile; fileRef = 52B47A461A53D09B004E4C60 /* Security.framework */; };
		8262943E1AAF051F00CB7CF7 /* Security.framework in Frameworks */ = {isa = PBXBuildFile; fileRef = 8262943D1AAF051F00CB7CF7 /* Security.framework */; };
		BF171245129291EC00B8313A /* OpenGLES.framework in Frameworks */ = {isa = PBXBuildFile; fileRef = BF170DB012928DE900B8313A /* OpenGLES.framework */; };
		BF1712471292920000B8313A /* libz.dylib in Frameworks */ = {isa = PBXBuildFile; fileRef = BF170DB412928DE900B8313A /* libz.dylib */; };
		BF1C47F01293687400B63C5D /* QuartzCore.framework in Frameworks */ = {isa = PBXBuildFile; fileRef = BF1C47EA1293683800B63C5D /* QuartzCore.framework */; };
		D44C620C132DFF330009C878 /* OpenAL.framework in Frameworks */ = {isa = PBXBuildFile; fileRef = D44C620B132DFF330009C878 /* OpenAL.framework */; };
		D44C620E132DFF430009C878 /* AVFoundation.framework in Frameworks */ = {isa = PBXBuildFile; fileRef = D44C620D132DFF430009C878 /* AVFoundation.framework */; };
		D44C6210132DFF4E0009C878 /* AudioToolbox.framework in Frameworks */ = {isa = PBXBuildFile; fileRef = D44C620F132DFF4E0009C878 /* AudioToolbox.framework */; };
		D6B0611B1803AB670077942B /* CoreMotion.framework in Frameworks */ = {isa = PBXBuildFile; fileRef = D6B0611A1803AB670077942B /* CoreMotion.framework */; };
		ED545A7C1B68A1F400C3958E /* libiconv.dylib in Frameworks */ = {isa = PBXBuildFile; fileRef = ED545A7B1B68A1F400C3958E /* libiconv.dylib */; };
		ED545A7E1B68A1FA00C3958E /* libiconv.dylib in Frameworks */ = {isa = PBXBuildFile; fileRef = ED545A7D1B68A1FA00C3958E /* libiconv.dylib */; };
/* End PBXBuildFile section */

/* Begin PBXContainerItemProxy section */
		1AC6FAF8180E9839004C840B /* PBXContainerItemProxy */ = {
			isa = PBXContainerItemProxy;
			containerPortal = 1AC6FAE5180E9839004C840B /* cocos2d_libs.xcodeproj */;
			proxyType = 2;
			remoteGlobalIDString = 1551A33F158F2AB200E66CFE;
			remoteInfo = "cocos2dx Mac";
		};
		1AC6FB06180E9839004C840B /* PBXContainerItemProxy */ = {
			isa = PBXContainerItemProxy;
			containerPortal = 1AC6FAE5180E9839004C840B /* cocos2d_libs.xcodeproj */;
			proxyType = 2;
			remoteGlobalIDString = A07A4D641783777C0073F6A7;
			remoteInfo = "cocos2dx iOS";
		};
		1AC6FB15180E9959004C840B /* PBXContainerItemProxy */ = {
			isa = PBXContainerItemProxy;
			containerPortal = 1AC6FAE5180E9839004C840B /* cocos2d_libs.xcodeproj */;
			proxyType = 1;
			remoteGlobalIDString = 1551A33E158F2AB200E66CFE;
			remoteInfo = "cocos2dx Mac";
		};
		1AC6FB24180E99E1004C840B /* PBXContainerItemProxy */ = {
			isa = PBXContainerItemProxy;
			containerPortal = 1AC6FAE5180E9839004C840B /* cocos2d_libs.xcodeproj */;
			proxyType = 1;
			remoteGlobalIDString = A07A4C241783777C0073F6A7;
			remoteInfo = "cocos2dx iOS";
		};
		4F3AE445202EE1F400B687FB /* PBXContainerItemProxy */ = {
			isa = PBXContainerItemProxy;
			containerPortal = 1AC6FAE5180E9839004C840B /* cocos2d_libs.xcodeproj */;
			proxyType = 2;
			remoteGlobalIDString = 507B40FD1C31BDD30067B53E;
			remoteInfo = "libcocos2d tvOS";
		};
/* End PBXContainerItemProxy section */

/* Begin PBXFileReference section */
		1AC6FAE5180E9839004C840B /* cocos2d_libs.xcodeproj */ = {isa = PBXFileReference; lastKnownFileType = "wrapper.pb-project"; name = cocos2d_libs.xcodeproj; path = ../cocos2d/build/cocos2d_libs.xcodeproj; sourceTree = "<group>"; };
		1ACB3243164770DE00914215 /* libcurl.a */ = {isa = PBXFileReference; lastKnownFileType = archive.ar; name = libcurl.a; path = ../../cocos2dx/platform/third_party/ios/libraries/libcurl.a; sourceTree = "<group>"; };
		1D30AB110D05D00D00671497 /* Foundation.framework */ = {isa = PBXFileReference; lastKnownFileType = wrapper.framework; name = Foundation.framework; path = System/Library/Frameworks/Foundation.framework; sourceTree = SDKROOT; };
		1D6058910D05DD3D006BFB54 /* bfai-mobile.app */ = {isa = PBXFileReference; explicitFileType = wrapper.application; includeInIndex = 0; path = "bfai-mobile.app"; sourceTree = BUILT_PRODUCTS_DIR; };
		1DF5F4DF0D08C38300B7A737 /* UIKit.framework */ = {isa = PBXFileReference; lastKnownFileType = wrapper.framework; name = UIKit.framework; path = System/Library/Frameworks/UIKit.framework; sourceTree = SDKROOT; };
		288765A40DF7441C002DB57D /* CoreGraphics.framework */ = {isa = PBXFileReference; lastKnownFileType = wrapper.framework; name = CoreGraphics.framework; path = System/Library/Frameworks/CoreGraphics.framework; sourceTree = SDKROOT; };
		294D0D631D0D56D500F7F5D4 /* CoreText.framework */ = {isa = PBXFileReference; lastKnownFileType = wrapper.framework; name = CoreText.framework; path = Platforms/iPhoneOS.platform/Developer/SDKs/iPhoneOS.sdk/System/Library/Frameworks/CoreText.framework; sourceTree = DEVELOPER_DIR; };
		46880B8419C43A87006E1F66 /* AppDelegate.cpp */ = {isa = PBXFileReference; fileEncoding = 4; lastKnownFileType = sourcecode.cpp.cpp; path = AppDelegate.cpp; sourceTree = "<group>"; };
		46880B8519C43A87006E1F66 /* AppDelegate.h */ = {isa = PBXFileReference; fileEncoding = 4; lastKnownFileType = sourcecode.c.h; path = AppDelegate.h; sourceTree = "<group>"; };
		4F12CC92207890190033DE0E /* ResolutionChecker.cpp */ = {isa = PBXFileReference; lastKnownFileType = sourcecode.cpp.cpp; path = ResolutionChecker.cpp; sourceTree = "<group>"; };
		4F12CC93207890190033DE0E /* ResolutionChecker.h */ = {isa = PBXFileReference; lastKnownFileType = sourcecode.c.h; path = ResolutionChecker.h; sourceTree = "<group>"; };
		4F12CC992078985F0033DE0E /* Path.h */ = {isa = PBXFileReference; lastKnownFileType = sourcecode.c.h; path = Path.h; sourceTree = "<group>"; };
		4F2CBFEC202F1E7D00169E86 /* SoundPlayer.cpp */ = {isa = PBXFileReference; lastKnownFileType = sourcecode.cpp.cpp; path = SoundPlayer.cpp; sourceTree = "<group>"; };
		4F2CBFED202F1E7D00169E86 /* SoundPlayer.h */ = {isa = PBXFileReference; lastKnownFileType = sourcecode.c.h; path = SoundPlayer.h; sourceTree = "<group>"; };
		4F2CBFF0202F1E9300169E86 /* SpriteAnimator.cpp */ = {isa = PBXFileReference; lastKnownFileType = sourcecode.cpp.cpp; path = SpriteAnimator.cpp; sourceTree = "<group>"; };
		4F2CBFF1202F1E9300169E86 /* SpriteAnimator.h */ = {isa = PBXFileReference; lastKnownFileType = sourcecode.c.h; path = SpriteAnimator.h; sourceTree = "<group>"; };
		4F2CBFF7202F22CD00169E86 /* SplashScene.cpp */ = {isa = PBXFileReference; lastKnownFileType = sourcecode.cpp.cpp; path = SplashScene.cpp; sourceTree = "<group>"; };
		4F2CBFF8202F22CD00169E86 /* SplashScene.h */ = {isa = PBXFileReference; lastKnownFileType = sourcecode.c.h; path = SplashScene.h; sourceTree = "<group>"; };
		4F2CBFFB202F252000169E86 /* LoadingView.cpp */ = {isa = PBXFileReference; lastKnownFileType = sourcecode.cpp.cpp; path = LoadingView.cpp; sourceTree = "<group>"; };
		4F2CBFFC202F252000169E86 /* LoadingView.h */ = {isa = PBXFileReference; lastKnownFileType = sourcecode.c.h; path = LoadingView.h; sourceTree = "<group>"; };
		4F3AE449202EE30500B687FB /* LogoScene.cpp */ = {isa = PBXFileReference; lastKnownFileType = sourcecode.cpp.cpp; path = LogoScene.cpp; sourceTree = "<group>"; };
		4F3AE44A202EE30500B687FB /* LogoScene.h */ = {isa = PBXFileReference; lastKnownFileType = sourcecode.c.h; path = LogoScene.h; sourceTree = "<group>"; };
		4F3AE44D202EE32E00B687FB /* Resolution.cpp */ = {isa = PBXFileReference; lastKnownFileType = sourcecode.cpp.cpp; path = Resolution.cpp; sourceTree = "<group>"; };
		4F3AE44E202EE32E00B687FB /* Resolution.h */ = {isa = PBXFileReference; lastKnownFileType = sourcecode.c.h; path = Resolution.h; sourceTree = "<group>"; };
		4F3AE452202EE9E000B687FB /* ViewHelper.cpp */ = {isa = PBXFileReference; lastKnownFileType = sourcecode.cpp.cpp; path = ViewHelper.cpp; sourceTree = "<group>"; };
		4F3AE453202EE9E000B687FB /* ViewHelper.h */ = {isa = PBXFileReference; lastKnownFileType = sourcecode.c.h; path = ViewHelper.h; sourceTree = "<group>"; };
		4F3AE456202EE9F600B687FB /* LogoView.cpp */ = {isa = PBXFileReference; lastKnownFileType = sourcecode.cpp.cpp; path = LogoView.cpp; sourceTree = "<group>"; };
		4F3AE457202EE9F600B687FB /* LogoView.h */ = {isa = PBXFileReference; lastKnownFileType = sourcecode.c.h; path = LogoView.h; sourceTree = "<group>"; };
		4F3AE45A202F033B00B687FB /* Definitions.h */ = {isa = PBXFileReference; lastKnownFileType = sourcecode.c.h; path = Definitions.h; sourceTree = "<group>"; };
		4F3AE45B202F03D700B687FB /* Position.cpp */ = {isa = PBXFileReference; lastKnownFileType = sourcecode.cpp.cpp; path = Position.cpp; sourceTree = "<group>"; };
		4F3AE45C202F03D700B687FB /* Position.h */ = {isa = PBXFileReference; lastKnownFileType = sourcecode.c.h; path = Position.h; sourceTree = "<group>"; };
		4F3AE45F202F040400B687FB /* ScreenProperties.cpp */ = {isa = PBXFileReference; lastKnownFileType = sourcecode.cpp.cpp; path = ScreenProperties.cpp; sourceTree = "<group>"; };
		4F3AE460202F040400B687FB /* ScreenProperties.h */ = {isa = PBXFileReference; lastKnownFileType = sourcecode.c.h; path = ScreenProperties.h; sourceTree = "<group>"; };
		4F3B0B7E205E57C500D4B53C /* PathFinder.cpp */ = {isa = PBXFileReference; fileEncoding = 4; lastKnownFileType = sourcecode.cpp.cpp; path = PathFinder.cpp; sourceTree = "<group>"; };
		4F3B0B7F205E57C500D4B53C /* PathFinder.h */ = {isa = PBXFileReference; fileEncoding = 4; lastKnownFileType = sourcecode.c.h; path = PathFinder.h; sourceTree = "<group>"; };
		4F576D132075E17E00011BC7 /* GridView.cpp */ = {isa = PBXFileReference; lastKnownFileType = sourcecode.cpp.cpp; path = GridView.cpp; sourceTree = "<group>"; };
		4F576D142075E17E00011BC7 /* GridView.h */ = {isa = PBXFileReference; lastKnownFileType = sourcecode.c.h; path = GridView.h; sourceTree = "<group>"; };
		4F576D182075E56200011BC7 /* Coordinate2Screen.cpp */ = {isa = PBXFileReference; lastKnownFileType = sourcecode.cpp.cpp; path = Coordinate2Screen.cpp; sourceTree = "<group>"; };
		4F576D192075E56200011BC7 /* Coordinate2Screen.h */ = {isa = PBXFileReference; lastKnownFileType = sourcecode.c.h; path = Coordinate2Screen.h; sourceTree = "<group>"; };
		4F72383D20637E0D0064037C /* HeroRepository.cpp */ = {isa = PBXFileReference; fileEncoding = 4; lastKnownFileType = sourcecode.cpp.cpp; path = HeroRepository.cpp; sourceTree = "<group>"; };
		4F72383E20637E0D0064037C /* HeroRepository.h */ = {isa = PBXFileReference; fileEncoding = 4; lastKnownFileType = sourcecode.c.h; path = HeroRepository.h; sourceTree = "<group>"; };
		4F72384120637E440064037C /* Battle.cpp */ = {isa = PBXFileReference; fileEncoding = 4; lastKnownFileType = sourcecode.cpp.cpp; path = Battle.cpp; sourceTree = "<group>"; };
		4F72384220637E450064037C /* Battle.h */ = {isa = PBXFileReference; fileEncoding = 4; lastKnownFileType = sourcecode.c.h; path = Battle.h; sourceTree = "<group>"; };
		4F72384620637E580064037C /* BattleFactory.h */ = {isa = PBXFileReference; fileEncoding = 4; lastKnownFileType = sourcecode.c.h; path = BattleFactory.h; sourceTree = "<group>"; };
		4F72384720637E580064037C /* BattleFactory.cpp */ = {isa = PBXFileReference; fileEncoding = 4; lastKnownFileType = sourcecode.cpp.cpp; path = BattleFactory.cpp; sourceTree = "<group>"; };
		4F72384A20637E850064037C /* BattleParser.cpp */ = {isa = PBXFileReference; fileEncoding = 4; lastKnownFileType = sourcecode.cpp.cpp; path = BattleParser.cpp; sourceTree = "<group>"; };
		4F72384B20637E850064037C /* BattleParser.h */ = {isa = PBXFileReference; fileEncoding = 4; lastKnownFileType = sourcecode.c.h; path = BattleParser.h; sourceTree = "<group>"; };
		4F7314BB205CF3D4005AAB83 /* BattleHero.h */ = {isa = PBXFileReference; fileEncoding = 4; lastKnownFileType = sourcecode.c.h; path = BattleHero.h; sourceTree = "<group>"; };
		4F7314BD205CF3D4005AAB83 /* BattleHero.cpp */ = {isa = PBXFileReference; fileEncoding = 4; lastKnownFileType = sourcecode.cpp.cpp; path = BattleHero.cpp; sourceTree = "<group>"; };
		4F7314C1205CF5B5005AAB83 /* BattleView.cpp */ = {isa = PBXFileReference; lastKnownFileType = sourcecode.cpp.cpp; path = BattleView.cpp; sourceTree = "<group>"; };
		4F7314C2205CF5B5005AAB83 /* BattleView.h */ = {isa = PBXFileReference; lastKnownFileType = sourcecode.c.h; path = BattleView.h; sourceTree = "<group>"; };
		4F7EB1612069FF340086A900 /* BattleContainer.cpp */ = {isa = PBXFileReference; lastKnownFileType = sourcecode.cpp.cpp; path = BattleContainer.cpp; sourceTree = "<group>"; };
		4F7EB1622069FF340086A900 /* BattleContainer.h */ = {isa = PBXFileReference; lastKnownFileType = sourcecode.c.h; path = BattleContainer.h; sourceTree = "<group>"; };
		4F8910582034BF2800D8382C /* Coordinate.cpp */ = {isa = PBXFileReference; lastKnownFileType = sourcecode.cpp.cpp; path = Coordinate.cpp; sourceTree = "<group>"; };
		4F8910592034BF2800D8382C /* Coordinate.h */ = {isa = PBXFileReference; lastKnownFileType = sourcecode.c.h; path = Coordinate.h; sourceTree = "<group>"; };
		4F89105C2034BF3A00D8382C /* Grid.cpp */ = {isa = PBXFileReference; lastKnownFileType = sourcecode.cpp.cpp; path = Grid.cpp; sourceTree = "<group>"; };
		4F89105D2034BF3A00D8382C /* Grid.h */ = {isa = PBXFileReference; lastKnownFileType = sourcecode.c.h; path = Grid.h; sourceTree = "<group>"; };
		4F9604CD2059A12C004CAEED /* HeroView.cpp */ = {isa = PBXFileReference; lastKnownFileType = sourcecode.cpp.cpp; path = HeroView.cpp; sourceTree = "<group>"; };
		4F9604CE2059A12C004CAEED /* HeroView.h */ = {isa = PBXFileReference; lastKnownFileType = sourcecode.c.h; path = HeroView.h; sourceTree = "<group>"; };
		4FA6AD66202F7C8800158956 /* SplashView.cpp */ = {isa = PBXFileReference; lastKnownFileType = sourcecode.cpp.cpp; path = SplashView.cpp; sourceTree = "<group>"; };
		4FA6AD67202F7C8800158956 /* SplashView.h */ = {isa = PBXFileReference; lastKnownFileType = sourcecode.c.h; path = SplashView.h; sourceTree = "<group>"; };
		4FA6AD6E202F809A00158956 /* MainMenuScene.cpp */ = {isa = PBXFileReference; lastKnownFileType = sourcecode.cpp.cpp; path = MainMenuScene.cpp; sourceTree = "<group>"; };
		4FA6AD6F202F809A00158956 /* MainMenuScene.h */ = {isa = PBXFileReference; lastKnownFileType = sourcecode.c.h; path = MainMenuScene.h; sourceTree = "<group>"; };
		4FA6AD72202F83A200158956 /* BackgroundView.cpp */ = {isa = PBXFileReference; lastKnownFileType = sourcecode.cpp.cpp; path = BackgroundView.cpp; sourceTree = "<group>"; };
		4FA6AD73202F83A200158956 /* BackgroundView.h */ = {isa = PBXFileReference; lastKnownFileType = sourcecode.c.h; path = BackgroundView.h; sourceTree = "<group>"; };
		4FA6AD7C202F8FC200158956 /* WorldView.cpp */ = {isa = PBXFileReference; lastKnownFileType = sourcecode.cpp.cpp; path = WorldView.cpp; sourceTree = "<group>"; };
		4FA6AD7D202F8FC200158956 /* WorldView.h */ = {isa = PBXFileReference; lastKnownFileType = sourcecode.c.h; path = WorldView.h; sourceTree = "<group>"; };
		4FA6AD83202F965E00158956 /* SpritesInitializer.cpp */ = {isa = PBXFileReference; lastKnownFileType = sourcecode.cpp.cpp; path = SpritesInitializer.cpp; sourceTree = "<group>"; };
		4FA6AD84202F965E00158956 /* SpritesInitializer.h */ = {isa = PBXFileReference; lastKnownFileType = sourcecode.c.h; path = SpritesInitializer.h; sourceTree = "<group>"; };
		4FA6AD8F202F9A6E00158956 /* TextUtils.h */ = {isa = PBXFileReference; lastKnownFileType = sourcecode.c.h; path = TextUtils.h; sourceTree = "<group>"; };
		4FBCDC4D2032008E006B3B5E /* BattleScene.cpp */ = {isa = PBXFileReference; lastKnownFileType = sourcecode.cpp.cpp; path = BattleScene.cpp; sourceTree = "<group>"; };
		4FBCDC4E2032008E006B3B5E /* BattleScene.h */ = {isa = PBXFileReference; lastKnownFileType = sourcecode.c.h; path = BattleScene.h; sourceTree = "<group>"; };
		4FBCDC512032031D006B3B5E /* BattleBackgroundView.cpp */ = {isa = PBXFileReference; lastKnownFileType = sourcecode.cpp.cpp; path = BattleBackgroundView.cpp; sourceTree = "<group>"; };
		4FBCDC522032031D006B3B5E /* BattleBackgroundView.h */ = {isa = PBXFileReference; lastKnownFileType = sourcecode.c.h; path = BattleBackgroundView.h; sourceTree = "<group>"; };
		4FBCDC562032079A006B3B5E /* BattleInitCustomActions.cpp */ = {isa = PBXFileReference; lastKnownFileType = sourcecode.cpp.cpp; path = BattleInitCustomActions.cpp; sourceTree = "<group>"; };
		4FBCDC572032079A006B3B5E /* BattleInitCustomActions.h */ = {isa = PBXFileReference; lastKnownFileType = sourcecode.c.h; path = BattleInitCustomActions.h; sourceTree = "<group>"; };
		4FBCDC5C2032207E006B3B5E /* Hero.cpp */ = {isa = PBXFileReference; fileEncoding = 4; lastKnownFileType = sourcecode.cpp.cpp; path = Hero.cpp; sourceTree = "<group>"; };
		4FBCDC5D2032207E006B3B5E /* Hero.h */ = {isa = PBXFileReference; fileEncoding = 4; lastKnownFileType = sourcecode.c.h; path = Hero.h; sourceTree = "<group>"; };
		4FBCDC60203220CC006B3B5E /* GridHD.cpp */ = {isa = PBXFileReference; fileEncoding = 4; lastKnownFileType = sourcecode.cpp.cpp; path = GridHD.cpp; sourceTree = "<group>"; };
		4FBCDC61203220CC006B3B5E /* GridHD.h */ = {isa = PBXFileReference; fileEncoding = 4; lastKnownFileType = sourcecode.c.h; path = GridHD.h; sourceTree = "<group>"; };
		4FBCDC62203220CC006B3B5E /* GridSD.h */ = {isa = PBXFileReference; fileEncoding = 4; lastKnownFileType = sourcecode.c.h; path = GridSD.h; sourceTree = "<group>"; };
		4FBCDC63203220CD006B3B5E /* GridSD.cpp */ = {isa = PBXFileReference; fileEncoding = 4; lastKnownFileType = sourcecode.cpp.cpp; path = GridSD.cpp; sourceTree = "<group>"; };
		4FBCDC64203220CD006B3B5E /* GridHDR.h */ = {isa = PBXFileReference; fileEncoding = 4; lastKnownFileType = sourcecode.c.h; path = GridHDR.h; sourceTree = "<group>"; };
		4FBCDC65203220CD006B3B5E /* GridSystem.cpp */ = {isa = PBXFileReference; fileEncoding = 4; lastKnownFileType = sourcecode.cpp.cpp; path = GridSystem.cpp; sourceTree = "<group>"; };
		4FBCDC66203220CD006B3B5E /* GridSystem.h */ = {isa = PBXFileReference; fileEncoding = 4; lastKnownFileType = sourcecode.c.h; path = GridSystem.h; sourceTree = "<group>"; };
		4FBCDC67203220CD006B3B5E /* GridHDR.cpp */ = {isa = PBXFileReference; fileEncoding = 4; lastKnownFileType = sourcecode.cpp.cpp; path = GridHDR.cpp; sourceTree = "<group>"; };
		4FD30895205ED742007D8039 /* HeroMoveEventListener.cpp */ = {isa = PBXFileReference; lastKnownFileType = sourcecode.cpp.cpp; path = HeroMoveEventListener.cpp; sourceTree = "<group>"; };
		4FD30896205ED742007D8039 /* HeroMoveEventListener.h */ = {isa = PBXFileReference; lastKnownFileType = sourcecode.c.h; path = HeroMoveEventListener.h; sourceTree = "<group>"; };
		4FD96FCE205B84F700C0F5A1 /* StringFileReader.cpp */ = {isa = PBXFileReference; lastKnownFileType = sourcecode.cpp.cpp; path = StringFileReader.cpp; sourceTree = "<group>"; };
		4FD96FCF205B84F700C0F5A1 /* StringFileReader.h */ = {isa = PBXFileReference; lastKnownFileType = sourcecode.c.h; path = StringFileReader.h; sourceTree = "<group>"; };
		4FE0EADF20303AD600E6DD88 /* BattleButton.cpp */ = {isa = PBXFileReference; lastKnownFileType = sourcecode.cpp.cpp; path = BattleButton.cpp; sourceTree = "<group>"; };
		4FE0EAE020303AD600E6DD88 /* BattleButton.h */ = {isa = PBXFileReference; lastKnownFileType = sourcecode.c.h; path = BattleButton.h; sourceTree = "<group>"; };
		4FE0EAE72030410000E6DD88 /* FontCreator.cpp */ = {isa = PBXFileReference; lastKnownFileType = sourcecode.cpp.cpp; path = FontCreator.cpp; sourceTree = "<group>"; };
		4FE0EAE82030410000E6DD88 /* FontCreator.h */ = {isa = PBXFileReference; lastKnownFileType = sourcecode.c.h; path = FontCreator.h; sourceTree = "<group>"; };
		4FE0EAEC203046C100E6DD88 /* img */ = {isa = PBXFileReference; lastKnownFileType = folder; path = img; sourceTree = "<group>"; };
		4FE0EAEF20304B5300E6DD88 /* ui */ = {isa = PBXFileReference; lastKnownFileType = folder; path = ui; sourceTree = "<group>"; };
		4FE0EAF520304B8500E6DD88 /* sprites */ = {isa = PBXFileReference; lastKnownFileType = folder; path = sprites; sourceTree = "<group>"; };
		4FE0EAF820304D5800E6DD88 /* sounds */ = {isa = PBXFileReference; lastKnownFileType = folder; path = sounds; sourceTree = "<group>"; };
		4FEFCC1C205AE61700D447C4 /* JsonParser.cpp */ = {isa = PBXFileReference; fileEncoding = 4; lastKnownFileType = sourcecode.cpp.cpp; path = JsonParser.cpp; sourceTree = "<group>"; };
		4FEFCC1D205AE61700D447C4 /* HeroParser.cpp */ = {isa = PBXFileReference; fileEncoding = 4; lastKnownFileType = sourcecode.cpp.cpp; path = HeroParser.cpp; sourceTree = "<group>"; };
		4FEFCC1E205AE61700D447C4 /* HeroParser.h */ = {isa = PBXFileReference; fileEncoding = 4; lastKnownFileType = sourcecode.c.h; path = HeroParser.h; sourceTree = "<group>"; };
		4FEFCC1F205AE61700D447C4 /* JsonParser.h */ = {isa = PBXFileReference; fileEncoding = 4; lastKnownFileType = sourcecode.c.h; path = JsonParser.h; sourceTree = "<group>"; };
		4FEFCC24205AE97400D447C4 /* data */ = {isa = PBXFileReference; lastKnownFileType = folder; path = data; sourceTree = "<group>"; };
		503AE0F617EB97AB00D1A890 /* Icon.icns */ = {isa = PBXFileReference; lastKnownFileType = image.icns; path = Icon.icns; sourceTree = "<group>"; };
		503AE0F717EB97AB00D1A890 /* Info.plist */ = {isa = PBXFileReference; fileEncoding = 4; lastKnownFileType = text.plist.xml; path = Info.plist; sourceTree = "<group>"; };
		503AE0FA17EB989F00D1A890 /* AppController.h */ = {isa = PBXFileReference; fileEncoding = 4; lastKnownFileType = sourcecode.c.h; name = AppController.h; path = ios/AppController.h; sourceTree = SOURCE_ROOT; };
		503AE0FB17EB989F00D1A890 /* AppController.mm */ = {isa = PBXFileReference; fileEncoding = 4; lastKnownFileType = sourcecode.cpp.objcpp; name = AppController.mm; path = ios/AppController.mm; sourceTree = SOURCE_ROOT; };
		503AE0FC17EB989F00D1A890 /* main.m */ = {isa = PBXFileReference; fileEncoding = 4; lastKnownFileType = sourcecode.c.objc; name = main.m; path = ios/main.m; sourceTree = SOURCE_ROOT; };
		503AE0FD17EB989F00D1A890 /* Prefix.pch */ = {isa = PBXFileReference; fileEncoding = 4; lastKnownFileType = sourcecode.c.h; name = Prefix.pch; path = ios/Prefix.pch; sourceTree = SOURCE_ROOT; };
		503AE0FE17EB989F00D1A890 /* RootViewController.h */ = {isa = PBXFileReference; fileEncoding = 4; lastKnownFileType = sourcecode.c.h; name = RootViewController.h; path = ios/RootViewController.h; sourceTree = SOURCE_ROOT; };
		503AE0FF17EB989F00D1A890 /* RootViewController.mm */ = {isa = PBXFileReference; fileEncoding = 4; lastKnownFileType = sourcecode.cpp.objcpp; name = RootViewController.mm; path = ios/RootViewController.mm; sourceTree = SOURCE_ROOT; };
		503AE10317EB98FF00D1A890 /* main.cpp */ = {isa = PBXFileReference; fileEncoding = 4; lastKnownFileType = sourcecode.cpp.cpp; name = main.cpp; path = mac/main.cpp; sourceTree = "<group>"; };
		503AE10417EB98FF00D1A890 /* Prefix.pch */ = {isa = PBXFileReference; fileEncoding = 4; lastKnownFileType = sourcecode.c.h; name = Prefix.pch; path = mac/Prefix.pch; sourceTree = "<group>"; };
		503AE11117EB99EE00D1A890 /* libcurl.dylib */ = {isa = PBXFileReference; lastKnownFileType = "compiled.mach-o.dylib"; name = libcurl.dylib; path = usr/lib/libcurl.dylib; sourceTree = SDKROOT; };
		503AE11A17EB9C5A00D1A890 /* IOKit.framework */ = {isa = PBXFileReference; lastKnownFileType = wrapper.framework; name = IOKit.framework; path = System/Library/Frameworks/IOKit.framework; sourceTree = SDKROOT; };
		5087E76F17EB910900C73F5D /* bfai-desktop.app */ = {isa = PBXFileReference; explicitFileType = wrapper.application; includeInIndex = 0; path = "bfai-desktop.app"; sourceTree = BUILT_PRODUCTS_DIR; };
		5087E77217EB970100C73F5D /* Default-568h@2x.png */ = {isa = PBXFileReference; lastKnownFileType = image.png; path = "Default-568h@2x.png"; sourceTree = "<group>"; };
		5087E77317EB970100C73F5D /* Default.png */ = {isa = PBXFileReference; lastKnownFileType = image.png; path = Default.png; sourceTree = "<group>"; };
		5087E77417EB970100C73F5D /* Default@2x.png */ = {isa = PBXFileReference; lastKnownFileType = image.png; path = "Default@2x.png"; sourceTree = "<group>"; };
		5087E77517EB970100C73F5D /* Icon-114.png */ = {isa = PBXFileReference; lastKnownFileType = image.png; path = "Icon-114.png"; sourceTree = "<group>"; };
		5087E77617EB970100C73F5D /* Icon-120.png */ = {isa = PBXFileReference; lastKnownFileType = image.png; path = "Icon-120.png"; sourceTree = "<group>"; };
		5087E77717EB970100C73F5D /* Icon-144.png */ = {isa = PBXFileReference; lastKnownFileType = image.png; path = "Icon-144.png"; sourceTree = "<group>"; };
		5087E77817EB970100C73F5D /* Icon-152.png */ = {isa = PBXFileReference; lastKnownFileType = image.png; path = "Icon-152.png"; sourceTree = "<group>"; };
		5087E77917EB970100C73F5D /* Icon-57.png */ = {isa = PBXFileReference; lastKnownFileType = image.png; path = "Icon-57.png"; sourceTree = "<group>"; };
		5087E77A17EB970100C73F5D /* Icon-72.png */ = {isa = PBXFileReference; lastKnownFileType = image.png; path = "Icon-72.png"; sourceTree = "<group>"; };
		5087E77B17EB970100C73F5D /* Icon-76.png */ = {isa = PBXFileReference; lastKnownFileType = image.png; path = "Icon-76.png"; sourceTree = "<group>"; };
		5087E77C17EB970100C73F5D /* Info.plist */ = {isa = PBXFileReference; fileEncoding = 4; lastKnownFileType = text.plist.xml; path = Info.plist; sourceTree = "<group>"; };
		5087E78817EB974C00C73F5D /* AppKit.framework */ = {isa = PBXFileReference; lastKnownFileType = wrapper.framework; name = AppKit.framework; path = System/Library/Frameworks/AppKit.framework; sourceTree = SDKROOT; };
		5087E78A17EB975400C73F5D /* OpenGL.framework */ = {isa = PBXFileReference; lastKnownFileType = wrapper.framework; name = OpenGL.framework; path = System/Library/Frameworks/OpenGL.framework; sourceTree = SDKROOT; };
		50EF629217ECD46A001EB2F8 /* Icon-40.png */ = {isa = PBXFileReference; lastKnownFileType = image.png; path = "Icon-40.png"; sourceTree = "<group>"; };
		50EF629317ECD46A001EB2F8 /* Icon-58.png */ = {isa = PBXFileReference; lastKnownFileType = image.png; path = "Icon-58.png"; sourceTree = "<group>"; };
		50EF629417ECD46A001EB2F8 /* Icon-80.png */ = {isa = PBXFileReference; lastKnownFileType = image.png; path = "Icon-80.png"; sourceTree = "<group>"; };
		50EF629517ECD46A001EB2F8 /* Icon-100.png */ = {isa = PBXFileReference; lastKnownFileType = image.png; path = "Icon-100.png"; sourceTree = "<group>"; };
		50EF62A017ECD613001EB2F8 /* Icon-29.png */ = {isa = PBXFileReference; lastKnownFileType = image.png; path = "Icon-29.png"; sourceTree = "<group>"; };
		50EF62A117ECD613001EB2F8 /* Icon-50.png */ = {isa = PBXFileReference; lastKnownFileType = image.png; path = "Icon-50.png"; sourceTree = "<group>"; };
		521A8E6219F0C34300D177D7 /* Default-667h@2x.png */ = {isa = PBXFileReference; lastKnownFileType = image.png; path = "Default-667h@2x.png"; sourceTree = "<group>"; };
		521A8E6319F0C34300D177D7 /* Default-736h@3x.png */ = {isa = PBXFileReference; lastKnownFileType = image.png; path = "Default-736h@3x.png"; sourceTree = "<group>"; };
		521A8EA819F11F5000D177D7 /* fonts */ = {isa = PBXFileReference; lastKnownFileType = folder; path = fonts; sourceTree = "<group>"; };
		52B47A461A53D09B004E4C60 /* Security.framework */ = {isa = PBXFileReference; lastKnownFileType = wrapper.framework; name = Security.framework; path = Platforms/iPhoneOS.platform/Developer/SDKs/iPhoneOS.sdk/System/Library/Frameworks/Security.framework; sourceTree = DEVELOPER_DIR; };
		8262943D1AAF051F00CB7CF7 /* Security.framework */ = {isa = PBXFileReference; lastKnownFileType = wrapper.framework; name = Security.framework; path = System/Library/Frameworks/Security.framework; sourceTree = SDKROOT; };
		BF170DB012928DE900B8313A /* OpenGLES.framework */ = {isa = PBXFileReference; lastKnownFileType = wrapper.framework; name = OpenGLES.framework; path = System/Library/Frameworks/OpenGLES.framework; sourceTree = SDKROOT; };
		BF170DB412928DE900B8313A /* libz.dylib */ = {isa = PBXFileReference; lastKnownFileType = "compiled.mach-o.dylib"; name = libz.dylib; path = usr/lib/libz.dylib; sourceTree = SDKROOT; };
		BF1C47EA1293683800B63C5D /* QuartzCore.framework */ = {isa = PBXFileReference; lastKnownFileType = wrapper.framework; name = QuartzCore.framework; path = System/Library/Frameworks/QuartzCore.framework; sourceTree = SDKROOT; };
		D44C620B132DFF330009C878 /* OpenAL.framework */ = {isa = PBXFileReference; lastKnownFileType = wrapper.framework; name = OpenAL.framework; path = System/Library/Frameworks/OpenAL.framework; sourceTree = SDKROOT; };
		D44C620D132DFF430009C878 /* AVFoundation.framework */ = {isa = PBXFileReference; lastKnownFileType = wrapper.framework; name = AVFoundation.framework; path = System/Library/Frameworks/AVFoundation.framework; sourceTree = SDKROOT; };
		D44C620F132DFF4E0009C878 /* AudioToolbox.framework */ = {isa = PBXFileReference; lastKnownFileType = wrapper.framework; name = AudioToolbox.framework; path = System/Library/Frameworks/AudioToolbox.framework; sourceTree = SDKROOT; };
		D6B0611A1803AB670077942B /* CoreMotion.framework */ = {isa = PBXFileReference; lastKnownFileType = wrapper.framework; name = CoreMotion.framework; path = Platforms/iPhoneOS.platform/Developer/SDKs/iPhoneOS.sdk/System/Library/Frameworks/CoreMotion.framework; sourceTree = DEVELOPER_DIR; };
		ED545A7B1B68A1F400C3958E /* libiconv.dylib */ = {isa = PBXFileReference; lastKnownFileType = "compiled.mach-o.dylib"; name = libiconv.dylib; path = Platforms/iPhoneOS.platform/Developer/SDKs/iPhoneOS.sdk/usr/lib/libiconv.dylib; sourceTree = DEVELOPER_DIR; };
		ED545A7D1B68A1FA00C3958E /* libiconv.dylib */ = {isa = PBXFileReference; lastKnownFileType = "compiled.mach-o.dylib"; name = libiconv.dylib; path = usr/lib/libiconv.dylib; sourceTree = SDKROOT; };
/* End PBXFileReference section */

/* Begin PBXFrameworksBuildPhase section */
		1D60588F0D05DD3D006BFB54 /* Frameworks */ = {
			isa = PBXFrameworksBuildPhase;
			buildActionMask = 2147483647;
			files = (
				294D0D641D0D56D500F7F5D4 /* CoreText.framework in Frameworks */,
				ED545A7C1B68A1F400C3958E /* libiconv.dylib in Frameworks */,
				52B47A471A53D09C004E4C60 /* Security.framework in Frameworks */,
				1AC6FB30180E99EB004C840B /* libcocos2d iOS.a in Frameworks */,
				D6B0611B1803AB670077942B /* CoreMotion.framework in Frameworks */,
				1D60589F0D05DD5A006BFB54 /* Foundation.framework in Frameworks */,
				1DF5F4E00D08C38300B7A737 /* UIKit.framework in Frameworks */,
				288765A50DF7441C002DB57D /* CoreGraphics.framework in Frameworks */,
				BF171245129291EC00B8313A /* OpenGLES.framework in Frameworks */,
				BF1712471292920000B8313A /* libz.dylib in Frameworks */,
				BF1C47F01293687400B63C5D /* QuartzCore.framework in Frameworks */,
				D44C620C132DFF330009C878 /* OpenAL.framework in Frameworks */,
				D44C620E132DFF430009C878 /* AVFoundation.framework in Frameworks */,
				D44C6210132DFF4E0009C878 /* AudioToolbox.framework in Frameworks */,
			);
			runOnlyForDeploymentPostprocessing = 0;
		};
		5087E75C17EB910900C73F5D /* Frameworks */ = {
			isa = PBXFrameworksBuildPhase;
			buildActionMask = 2147483647;
			files = (
				ED545A7E1B68A1FA00C3958E /* libiconv.dylib in Frameworks */,
				1AC6FB21180E996B004C840B /* libcocos2d Mac.a in Frameworks */,
				5087E76717EB910900C73F5D /* libz.dylib in Frameworks */,
				8262943E1AAF051F00CB7CF7 /* Security.framework in Frameworks */,
				503AE11B17EB9C5A00D1A890 /* IOKit.framework in Frameworks */,
				5087E78B17EB975400C73F5D /* OpenGL.framework in Frameworks */,
				5087E78917EB974C00C73F5D /* AppKit.framework in Frameworks */,
				5087E76317EB910900C73F5D /* Foundation.framework in Frameworks */,
				5087E76817EB910900C73F5D /* QuartzCore.framework in Frameworks */,
				5087E76917EB910900C73F5D /* OpenAL.framework in Frameworks */,
				5087E76A17EB910900C73F5D /* AVFoundation.framework in Frameworks */,
				5087E76B17EB910900C73F5D /* AudioToolbox.framework in Frameworks */,
			);
			runOnlyForDeploymentPostprocessing = 0;
		};
/* End PBXFrameworksBuildPhase section */

/* Begin PBXGroup section */
		080E96DDFE201D6D7F000001 /* ios */ = {
			isa = PBXGroup;
			children = (
				5087E77117EB970100C73F5D /* Icons */,
				503AE0FA17EB989F00D1A890 /* AppController.h */,
				503AE0FB17EB989F00D1A890 /* AppController.mm */,
				503AE0FC17EB989F00D1A890 /* main.m */,
				503AE0FD17EB989F00D1A890 /* Prefix.pch */,
				503AE0FE17EB989F00D1A890 /* RootViewController.h */,
				503AE0FF17EB989F00D1A890 /* RootViewController.mm */,
			);
			name = ios;
			path = Classes;
			sourceTree = "<group>";
		};
		19C28FACFE9D520D11CA2CBB /* Products */ = {
			isa = PBXGroup;
			children = (
				1D6058910D05DD3D006BFB54 /* bfai-mobile.app */,
				5087E76F17EB910900C73F5D /* bfai-desktop.app */,
			);
			name = Products;
			sourceTree = "<group>";
		};
		1AC6FAE6180E9839004C840B /* Products */ = {
			isa = PBXGroup;
			children = (
				1AC6FAF9180E9839004C840B /* libcocos2d Mac.a */,
				1AC6FB07180E9839004C840B /* libcocos2d iOS.a */,
				4F3AE446202EE1F400B687FB /* libcocos2d tvOS.a */,
			);
			name = Products;
			sourceTree = "<group>";
		};
		29B97314FDCFA39411CA2CEA /* CustomTemplate */ = {
			isa = PBXGroup;
			children = (
				46880B8319C43A87006E1F66 /* Classes */,
				46880B7519C43A67006E1F66 /* Resources */,
				1AC6FAE5180E9839004C840B /* cocos2d_libs.xcodeproj */,
				29B97323FDCFA39411CA2CEA /* Frameworks */,
				080E96DDFE201D6D7F000001 /* ios */,
				503AE10617EB990700D1A890 /* mac */,
				19C28FACFE9D520D11CA2CBB /* Products */,
			);
			name = CustomTemplate;
			sourceTree = "<group>";
		};
		29B97323FDCFA39411CA2CEA /* Frameworks */ = {
			isa = PBXGroup;
			children = (
				294D0D631D0D56D500F7F5D4 /* CoreText.framework */,
				ED545A7D1B68A1FA00C3958E /* libiconv.dylib */,
				ED545A7B1B68A1F400C3958E /* libiconv.dylib */,
				8262943D1AAF051F00CB7CF7 /* Security.framework */,
				52B47A461A53D09B004E4C60 /* Security.framework */,
				D6B0611A1803AB670077942B /* CoreMotion.framework */,
				503AE11A17EB9C5A00D1A890 /* IOKit.framework */,
				503AE11117EB99EE00D1A890 /* libcurl.dylib */,
				5087E78A17EB975400C73F5D /* OpenGL.framework */,
				5087E78817EB974C00C73F5D /* AppKit.framework */,
				1ACB3243164770DE00914215 /* libcurl.a */,
				BF170DB412928DE900B8313A /* libz.dylib */,
				D44C620F132DFF4E0009C878 /* AudioToolbox.framework */,
				D44C620D132DFF430009C878 /* AVFoundation.framework */,
				288765A40DF7441C002DB57D /* CoreGraphics.framework */,
				1D30AB110D05D00D00671497 /* Foundation.framework */,
				D44C620B132DFF330009C878 /* OpenAL.framework */,
				BF170DB012928DE900B8313A /* OpenGLES.framework */,
				BF1C47EA1293683800B63C5D /* QuartzCore.framework */,
				1DF5F4DF0D08C38300B7A737 /* UIKit.framework */,
			);
			name = Frameworks;
			sourceTree = "<group>";
		};
		46880B7519C43A67006E1F66 /* Resources */ = {
			isa = PBXGroup;
			children = (
				4FEFCC24205AE97400D447C4 /* data */,
				521A8EA819F11F5000D177D7 /* fonts */,
				4FE0EAEC203046C100E6DD88 /* img */,
				4FE0EAF820304D5800E6DD88 /* sounds */,
				4FE0EAF520304B8500E6DD88 /* sprites */,
				4FE0EAEF20304B5300E6DD88 /* ui */,
			);
			name = Resources;
			path = ../Resources;
			sourceTree = "<group>";
		};
		46880B8319C43A87006E1F66 /* Classes */ = {
			isa = PBXGroup;
			children = (
				4F3AE443202EE1F400B687FB /* MoriorGames */,
				46880B8419C43A87006E1F66 /* AppDelegate.cpp */,
				46880B8519C43A87006E1F66 /* AppDelegate.h */,
			);
			name = Classes;
			path = ../Classes;
			sourceTree = "<group>";
		};
		4F12CC97207898430033DE0E /* Containers */ = {
			isa = PBXGroup;
			children = (
				4F12CC992078985F0033DE0E /* Path.h */,
			);
			path = Containers;
			sourceTree = "<group>";
		};
		4F2CBFEA202F1E4400169E86 /* Services */ = {
			isa = PBXGroup;
			children = (
				4F2CBFEC202F1E7D00169E86 /* SoundPlayer.cpp */,
				4F2CBFED202F1E7D00169E86 /* SoundPlayer.h */,
				4F2CBFF0202F1E9300169E86 /* SpriteAnimator.cpp */,
				4F2CBFF1202F1E9300169E86 /* SpriteAnimator.h */,
				4FA6AD83202F965E00158956 /* SpritesInitializer.cpp */,
				4FA6AD84202F965E00158956 /* SpritesInitializer.h */,
				4FE0EAE72030410000E6DD88 /* FontCreator.cpp */,
				4FE0EAE82030410000E6DD88 /* FontCreator.h */,
				4FD96FCE205B84F700C0F5A1 /* StringFileReader.cpp */,
				4FD96FCF205B84F700C0F5A1 /* StringFileReader.h */,
				4F7EB1612069FF340086A900 /* BattleContainer.cpp */,
				4F7EB1622069FF340086A900 /* BattleContainer.h */,
			);
			path = Services;
			sourceTree = "<group>";
		};
		4F3AE443202EE1F400B687FB /* MoriorGames */ = {
			isa = PBXGroup;
			children = (
				4FD30893205ED6FE007D8039 /* EventListeners */,
				4F3AE45A202F033B00B687FB /* Definitions.h */,
				4FBCDC5A20322033006B3B5E /* Grid */,
				4F3AE447202EE2CE00B687FB /* Scenes */,
				4F3AE448202EE2D800B687FB /* Screen */,
				4F2CBFEA202F1E4400169E86 /* Services */,
				4FA6AD8D202F9A4800158956 /* Vendor */,
				4F3AE451202EE9B900B687FB /* View */,
			);
			path = MoriorGames;
			sourceTree = "<group>";
		};
		4F3AE447202EE2CE00B687FB /* Scenes */ = {
			isa = PBXGroup;
			children = (
				4F3AE449202EE30500B687FB /* LogoScene.cpp */,
				4F3AE44A202EE30500B687FB /* LogoScene.h */,
				4F2CBFF7202F22CD00169E86 /* SplashScene.cpp */,
				4F2CBFF8202F22CD00169E86 /* SplashScene.h */,
				4FA6AD6E202F809A00158956 /* MainMenuScene.cpp */,
				4FA6AD6F202F809A00158956 /* MainMenuScene.h */,
				4FBCDC4D2032008E006B3B5E /* BattleScene.cpp */,
				4FBCDC4E2032008E006B3B5E /* BattleScene.h */,
			);
			path = Scenes;
			sourceTree = "<group>";
		};
		4F3AE448202EE2D800B687FB /* Screen */ = {
			isa = PBXGroup;
			children = (
				4F3AE45B202F03D700B687FB /* Position.cpp */,
				4F3AE45C202F03D700B687FB /* Position.h */,
				4F3AE44D202EE32E00B687FB /* Resolution.cpp */,
				4F3AE44E202EE32E00B687FB /* Resolution.h */,
				4F3AE45F202F040400B687FB /* ScreenProperties.cpp */,
				4F3AE460202F040400B687FB /* ScreenProperties.h */,
				4F576D182075E56200011BC7 /* Coordinate2Screen.cpp */,
				4F576D192075E56200011BC7 /* Coordinate2Screen.h */,
				4F12CC92207890190033DE0E /* ResolutionChecker.cpp */,
				4F12CC93207890190033DE0E /* ResolutionChecker.h */,
			);
			path = Screen;
			sourceTree = "<group>";
		};
		4F3AE451202EE9B900B687FB /* View */ = {
			isa = PBXGroup;
			children = (
				4F7314C0205CF4BD005AAB83 /* Battle */,
				4FBCDC5520320770006B3B5E /* Custom */,
				4FE0EADD20303AB200E6DD88 /* Buttons */,
				4F3AE452202EE9E000B687FB /* ViewHelper.cpp */,
				4F3AE453202EE9E000B687FB /* ViewHelper.h */,
				4F3AE456202EE9F600B687FB /* LogoView.cpp */,
				4F3AE457202EE9F600B687FB /* LogoView.h */,
				4F2CBFFB202F252000169E86 /* LoadingView.cpp */,
				4F2CBFFC202F252000169E86 /* LoadingView.h */,
				4FA6AD66202F7C8800158956 /* SplashView.cpp */,
				4FA6AD67202F7C8800158956 /* SplashView.h */,
				4FA6AD72202F83A200158956 /* BackgroundView.cpp */,
				4FA6AD73202F83A200158956 /* BackgroundView.h */,
				4FA6AD7C202F8FC200158956 /* WorldView.cpp */,
				4FA6AD7D202F8FC200158956 /* WorldView.h */,
			);
			path = View;
			sourceTree = "<group>";
		};
		4F3B0B7D205E57C500D4B53C /* Services */ = {
			isa = PBXGroup;
			children = (
				4F3B0B7E205E57C500D4B53C /* PathFinder.cpp */,
				4F3B0B7F205E57C500D4B53C /* PathFinder.h */,
			);
			path = Services;
			sourceTree = "<group>";
		};
		4F72383C20637E0D0064037C /* Repository */ = {
			isa = PBXGroup;
			children = (
				4F72383D20637E0D0064037C /* HeroRepository.cpp */,
				4F72383E20637E0D0064037C /* HeroRepository.h */,
			);
			path = Repository;
			sourceTree = "<group>";
		};
		4F72384520637E580064037C /* Factories */ = {
			isa = PBXGroup;
			children = (
				4F72384620637E580064037C /* BattleFactory.h */,
				4F72384720637E580064037C /* BattleFactory.cpp */,
			);
			path = Factories;
			sourceTree = "<group>";
		};
		4F7314C0205CF4BD005AAB83 /* Battle */ = {
			isa = PBXGroup;
			children = (
				4FBCDC512032031D006B3B5E /* BattleBackgroundView.cpp */,
				4FBCDC522032031D006B3B5E /* BattleBackgroundView.h */,
				4F7314C1205CF5B5005AAB83 /* BattleView.cpp */,
				4F7314C2205CF5B5005AAB83 /* BattleView.h */,
				4F9604CD2059A12C004CAEED /* HeroView.cpp */,
				4F9604CE2059A12C004CAEED /* HeroView.h */,
				4F576D132075E17E00011BC7 /* GridView.cpp */,
				4F576D142075E17E00011BC7 /* GridView.h */,
			);
			path = Battle;
			sourceTree = "<group>";
		};
		4F8910562034BEF800D8382C /* Grid */ = {
			isa = PBXGroup;
			children = (
				4F89105C2034BF3A00D8382C /* Grid.cpp */,
				4F89105D2034BF3A00D8382C /* Grid.h */,
			);
			path = Grid;
			sourceTree = "<group>";
		};
		4F8910572034BEFE00D8382C /* ValueObjects */ = {
			isa = PBXGroup;
			children = (
				4F8910582034BF2800D8382C /* Coordinate.cpp */,
				4F8910592034BF2800D8382C /* Coordinate.h */,
			);
			path = ValueObjects;
			sourceTree = "<group>";
		};
		4FA6AD8D202F9A4800158956 /* Vendor */ = {
			isa = PBXGroup;
			children = (
				4F12CC97207898430033DE0E /* Containers */,
				4FBCDC5B20322051006B3B5E /* Entity */,
				4F72384520637E580064037C /* Factories */,
				4F8910562034BEF800D8382C /* Grid */,
				4FEFCBF2205AE5A300D447C4 /* Parsers */,
				4F72383C20637E0D0064037C /* Repository */,
				4F3B0B7D205E57C500D4B53C /* Services */,
				4FA6AD8E202F9A5C00158956 /* Utils */,
				4F8910572034BEFE00D8382C /* ValueObjects */,
			);
			path = Vendor;
			sourceTree = "<group>";
		};
		4FA6AD8E202F9A5C00158956 /* Utils */ = {
			isa = PBXGroup;
			children = (
				4FA6AD8F202F9A6E00158956 /* TextUtils.h */,
			);
			path = Utils;
			sourceTree = "<group>";
		};
		4FBCDC5520320770006B3B5E /* Custom */ = {
			isa = PBXGroup;
			children = (
				4FBCDC562032079A006B3B5E /* BattleInitCustomActions.cpp */,
				4FBCDC572032079A006B3B5E /* BattleInitCustomActions.h */,
			);
			path = Custom;
			sourceTree = "<group>";
		};
		4FBCDC5A20322033006B3B5E /* Grid */ = {
			isa = PBXGroup;
			children = (
				4FBCDC60203220CC006B3B5E /* GridHD.cpp */,
				4FBCDC61203220CC006B3B5E /* GridHD.h */,
				4FBCDC67203220CD006B3B5E /* GridHDR.cpp */,
				4FBCDC64203220CD006B3B5E /* GridHDR.h */,
				4FBCDC63203220CD006B3B5E /* GridSD.cpp */,
				4FBCDC62203220CC006B3B5E /* GridSD.h */,
				4FBCDC65203220CD006B3B5E /* GridSystem.cpp */,
				4FBCDC66203220CD006B3B5E /* GridSystem.h */,
			);
			path = Grid;
			sourceTree = "<group>";
		};
		4FBCDC5B20322051006B3B5E /* Entity */ = {
			isa = PBXGroup;
			children = (
				4F72384120637E440064037C /* Battle.cpp */,
				4F72384220637E450064037C /* Battle.h */,
				4F7314BD205CF3D4005AAB83 /* BattleHero.cpp */,
				4F7314BB205CF3D4005AAB83 /* BattleHero.h */,
				4FBCDC5C2032207E006B3B5E /* Hero.cpp */,
				4FBCDC5D2032207E006B3B5E /* Hero.h */,
			);
			path = Entity;
			sourceTree = "<group>";
		};
		4FD30893205ED6FE007D8039 /* EventListeners */ = {
			isa = PBXGroup;
			children = (
				4FD30895205ED742007D8039 /* HeroMoveEventListener.cpp */,
				4FD30896205ED742007D8039 /* HeroMoveEventListener.h */,
			);
			path = EventListeners;
			sourceTree = "<group>";
		};
		4FE0EADD20303AB200E6DD88 /* Buttons */ = {
			isa = PBXGroup;
			children = (
				4FE0EADF20303AD600E6DD88 /* BattleButton.cpp */,
				4FE0EAE020303AD600E6DD88 /* BattleButton.h */,
			);
			path = Buttons;
			sourceTree = "<group>";
		};
		4FEFCBF2205AE5A300D447C4 /* Parsers */ = {
			isa = PBXGroup;
			children = (
				4F72384A20637E850064037C /* BattleParser.cpp */,
				4F72384B20637E850064037C /* BattleParser.h */,
				4FEFCC1D205AE61700D447C4 /* HeroParser.cpp */,
				4FEFCC1E205AE61700D447C4 /* HeroParser.h */,
				4FEFCC1C205AE61700D447C4 /* JsonParser.cpp */,
				4FEFCC1F205AE61700D447C4 /* JsonParser.h */,
			);
			path = Parsers;
			sourceTree = "<group>";
		};
		503AE0F517EB97AB00D1A890 /* Icons */ = {
			isa = PBXGroup;
			children = (
				503AE0F617EB97AB00D1A890 /* Icon.icns */,
				503AE0F717EB97AB00D1A890 /* Info.plist */,
			);
			name = Icons;
			path = mac;
			sourceTree = SOURCE_ROOT;
		};
		503AE10617EB990700D1A890 /* mac */ = {
			isa = PBXGroup;
			children = (
				503AE0F517EB97AB00D1A890 /* Icons */,
				503AE10317EB98FF00D1A890 /* main.cpp */,
				503AE10417EB98FF00D1A890 /* Prefix.pch */,
			);
			name = mac;
			sourceTree = "<group>";
		};
		5087E77117EB970100C73F5D /* Icons */ = {
			isa = PBXGroup;
			children = (
				521A8E6219F0C34300D177D7 /* Default-667h@2x.png */,
				521A8E6319F0C34300D177D7 /* Default-736h@3x.png */,
				5087E77217EB970100C73F5D /* Default-568h@2x.png */,
				5087E77317EB970100C73F5D /* Default.png */,
				5087E77417EB970100C73F5D /* Default@2x.png */,
				50EF62A017ECD613001EB2F8 /* Icon-29.png */,
				50EF62A117ECD613001EB2F8 /* Icon-50.png */,
				50EF629217ECD46A001EB2F8 /* Icon-40.png */,
				50EF629317ECD46A001EB2F8 /* Icon-58.png */,
				50EF629417ECD46A001EB2F8 /* Icon-80.png */,
				50EF629517ECD46A001EB2F8 /* Icon-100.png */,
				5087E77517EB970100C73F5D /* Icon-114.png */,
				5087E77617EB970100C73F5D /* Icon-120.png */,
				5087E77717EB970100C73F5D /* Icon-144.png */,
				5087E77817EB970100C73F5D /* Icon-152.png */,
				5087E77917EB970100C73F5D /* Icon-57.png */,
				5087E77A17EB970100C73F5D /* Icon-72.png */,
				5087E77B17EB970100C73F5D /* Icon-76.png */,
				5087E77C17EB970100C73F5D /* Info.plist */,
			);
			name = Icons;
			path = ios;
			sourceTree = SOURCE_ROOT;
		};
/* End PBXGroup section */

/* Begin PBXNativeTarget section */
		1D6058900D05DD3D006BFB54 /* bfai-mobile */ = {
			isa = PBXNativeTarget;
			buildConfigurationList = 1D6058960D05DD3E006BFB54 /* Build configuration list for PBXNativeTarget "bfai-mobile" */;
			buildPhases = (
				1D60588D0D05DD3D006BFB54 /* Resources */,
				1D60588E0D05DD3D006BFB54 /* Sources */,
				1D60588F0D05DD3D006BFB54 /* Frameworks */,
			);
			buildRules = (
			);
			dependencies = (
				1AC6FB25180E99E1004C840B /* PBXTargetDependency */,
			);
			name = "bfai-mobile";
			productName = iphone;
			productReference = 1D6058910D05DD3D006BFB54 /* bfai-mobile.app */;
			productType = "com.apple.product-type.application";
		};
		5087E73D17EB910900C73F5D /* bfai-desktop */ = {
			isa = PBXNativeTarget;
			buildConfigurationList = 5087E76C17EB910900C73F5D /* Build configuration list for PBXNativeTarget "bfai-desktop" */;
			buildPhases = (
				5087E74817EB910900C73F5D /* Resources */,
				5087E75617EB910900C73F5D /* Sources */,
				5087E75C17EB910900C73F5D /* Frameworks */,
			);
			buildRules = (
			);
			dependencies = (
				1AC6FB16180E9959004C840B /* PBXTargetDependency */,
			);
			name = "bfai-desktop";
			productName = iphone;
			productReference = 5087E76F17EB910900C73F5D /* bfai-desktop.app */;
			productType = "com.apple.product-type.application";
		};
/* End PBXNativeTarget section */

/* Begin PBXProject section */
		29B97313FDCFA39411CA2CEA /* Project object */ = {
			isa = PBXProject;
			attributes = {
				LastUpgradeCheck = 0500;
			};
			buildConfigurationList = C01FCF4E08A954540054247B /* Build configuration list for PBXProject "bfai" */;
			compatibilityVersion = "Xcode 3.2";
			developmentRegion = English;
			hasScannedForEncodings = 1;
			knownRegions = (
				English,
				Japanese,
				French,
				German,
			);
			mainGroup = 29B97314FDCFA39411CA2CEA /* CustomTemplate */;
			projectDirPath = "";
			projectReferences = (
				{
					ProductGroup = 1AC6FAE6180E9839004C840B /* Products */;
					ProjectRef = 1AC6FAE5180E9839004C840B /* cocos2d_libs.xcodeproj */;
				},
			);
			projectRoot = "";
			targets = (
				1D6058900D05DD3D006BFB54 /* bfai-mobile */,
				5087E73D17EB910900C73F5D /* bfai-desktop */,
			);
		};
/* End PBXProject section */

/* Begin PBXReferenceProxy section */
		1AC6FAF9180E9839004C840B /* libcocos2d Mac.a */ = {
			isa = PBXReferenceProxy;
			fileType = archive.ar;
			path = "libcocos2d Mac.a";
			remoteRef = 1AC6FAF8180E9839004C840B /* PBXContainerItemProxy */;
			sourceTree = BUILT_PRODUCTS_DIR;
		};
		1AC6FB07180E9839004C840B /* libcocos2d iOS.a */ = {
			isa = PBXReferenceProxy;
			fileType = archive.ar;
			path = "libcocos2d iOS.a";
			remoteRef = 1AC6FB06180E9839004C840B /* PBXContainerItemProxy */;
			sourceTree = BUILT_PRODUCTS_DIR;
		};
		4F3AE446202EE1F400B687FB /* libcocos2d tvOS.a */ = {
			isa = PBXReferenceProxy;
			fileType = archive.ar;
			path = "libcocos2d tvOS.a";
			remoteRef = 4F3AE445202EE1F400B687FB /* PBXContainerItemProxy */;
			sourceTree = BUILT_PRODUCTS_DIR;
		};
/* End PBXReferenceProxy section */

/* Begin PBXResourcesBuildPhase section */
		1D60588D0D05DD3D006BFB54 /* Resources */ = {
			isa = PBXResourcesBuildPhase;
			buildActionMask = 2147483647;
			files = (
				5087E78117EB970100C73F5D /* Icon-120.png in Resources */,
				5087E78617EB970100C73F5D /* Icon-76.png in Resources */,
				4FE0EAF020304B5300E6DD88 /* ui in Resources */,
				5087E77F17EB970100C73F5D /* Default@2x.png in Resources */,
				50EF629917ECD46A001EB2F8 /* Icon-100.png in Resources */,
				5087E78317EB970100C73F5D /* Icon-152.png in Resources */,
				5087E77D17EB970100C73F5D /* Default-568h@2x.png in Resources */,
				5087E78517EB970100C73F5D /* Icon-72.png in Resources */,
				4FE0EAF920304D5800E6DD88 /* sounds in Resources */,
				521A8E6519F0C34300D177D7 /* Default-736h@3x.png in Resources */,
				521A8EA919F11F5000D177D7 /* fonts in Resources */,
				50EF62A317ECD613001EB2F8 /* Icon-50.png in Resources */,
				5087E78017EB970100C73F5D /* Icon-114.png in Resources */,
				50EF62A217ECD613001EB2F8 /* Icon-29.png in Resources */,
				50EF629617ECD46A001EB2F8 /* Icon-40.png in Resources */,
				5087E78217EB970100C73F5D /* Icon-144.png in Resources */,
				50EF629817ECD46A001EB2F8 /* Icon-80.png in Resources */,
				4FE0EAED203046C100E6DD88 /* img in Resources */,
				5087E78417EB970100C73F5D /* Icon-57.png in Resources */,
				5087E77E17EB970100C73F5D /* Default.png in Resources */,
				4FE0EAF620304B8500E6DD88 /* sprites in Resources */,
				521A8E6419F0C34300D177D7 /* Default-667h@2x.png in Resources */,
				4FEFCC25205AE97400D447C4 /* data in Resources */,
				50EF629717ECD46A001EB2F8 /* Icon-58.png in Resources */,
			);
			runOnlyForDeploymentPostprocessing = 0;
		};
		5087E74817EB910900C73F5D /* Resources */ = {
			isa = PBXResourcesBuildPhase;
			buildActionMask = 2147483647;
			files = (
				4FE0EAFA20304D5800E6DD88 /* sounds in Resources */,
				4FEFCC26205AE97400D447C4 /* data in Resources */,
				4FE0EAEE203046C100E6DD88 /* img in Resources */,
				4FE0EAF720304B8500E6DD88 /* sprites in Resources */,
				503AE0F817EB97AB00D1A890 /* Icon.icns in Resources */,
				4FE0EAF120304B5300E6DD88 /* ui in Resources */,
				521A8EAA19F11F5000D177D7 /* fonts in Resources */,
			);
			runOnlyForDeploymentPostprocessing = 0;
		};
/* End PBXResourcesBuildPhase section */

/* Begin PBXSourcesBuildPhase section */
		1D60588E0D05DD3D006BFB54 /* Sources */ = {
			isa = PBXSourcesBuildPhase;
			buildActionMask = 2147483647;
			files = (
				4F3B0B81205E57C500D4B53C /* PathFinder.cpp in Sources */,
				4F3AE454202EE9E000B687FB /* ViewHelper.cpp in Sources */,
				4FBCDC532032031D006B3B5E /* BattleBackgroundView.cpp in Sources */,
				4F3AE458202EE9F600B687FB /* LogoView.cpp in Sources */,
				46880B8819C43A87006E1F66 /* AppDelegate.cpp in Sources */,
				4F3AE44B202EE30500B687FB /* LogoScene.cpp in Sources */,
				4F2CBFEE202F1E7D00169E86 /* SoundPlayer.cpp in Sources */,
				4F12CC94207890190033DE0E /* ResolutionChecker.cpp in Sources */,
				4F7EB1632069FF340086A900 /* BattleContainer.cpp in Sources */,
				4F9604CF2059A12C004CAEED /* HeroView.cpp in Sources */,
				4F2CBFF2202F1E9300169E86 /* SpriteAnimator.cpp in Sources */,
				4F89105A2034BF2800D8382C /* Coordinate.cpp in Sources */,
				4FBCDC68203220CD006B3B5E /* GridHD.cpp in Sources */,
				4F576D1A2075E56200011BC7 /* Coordinate2Screen.cpp in Sources */,
				4FBCDC4F2032008E006B3B5E /* BattleScene.cpp in Sources */,
				4F72384820637E580064037C /* BattleFactory.cpp in Sources */,
				4FBCDC6E203220CD006B3B5E /* GridHDR.cpp in Sources */,
				4FA6AD74202F83A200158956 /* BackgroundView.cpp in Sources */,
				4FA6AD68202F7C8800158956 /* SplashView.cpp in Sources */,
				503AE10017EB989F00D1A890 /* AppController.mm in Sources */,
				4FE0EAE92030410000E6DD88 /* FontCreator.cpp in Sources */,
				4F7314C3205CF5B5005AAB83 /* BattleView.cpp in Sources */,
				4FA6AD7E202F8FC200158956 /* WorldView.cpp in Sources */,
				4F7314BE205CF3D4005AAB83 /* BattleHero.cpp in Sources */,
				4FD96FD0205B84F700C0F5A1 /* StringFileReader.cpp in Sources */,
				4F89105E2034BF3A00D8382C /* Grid.cpp in Sources */,
				503AE10217EB989F00D1A890 /* RootViewController.mm in Sources */,
				4F3AE44F202EE32E00B687FB /* Resolution.cpp in Sources */,
				4FEFCC22205AE61700D447C4 /* HeroParser.cpp in Sources */,
				4F72383F20637E0D0064037C /* HeroRepository.cpp in Sources */,
				4FA6AD85202F965E00158956 /* SpritesInitializer.cpp in Sources */,
				4F72384320637E450064037C /* Battle.cpp in Sources */,
				4FBCDC582032079A006B3B5E /* BattleInitCustomActions.cpp in Sources */,
				4FBCDC6C203220CD006B3B5E /* GridSystem.cpp in Sources */,
				4FD30897205ED742007D8039 /* HeroMoveEventListener.cpp in Sources */,
				4FBCDC6A203220CD006B3B5E /* GridSD.cpp in Sources */,
				4F576D152075E17E00011BC7 /* GridView.cpp in Sources */,
				4FE0EAE120303AD600E6DD88 /* BattleButton.cpp in Sources */,
				4F72384C20637E850064037C /* BattleParser.cpp in Sources */,
				4FA6AD70202F809A00158956 /* MainMenuScene.cpp in Sources */,
				503AE10117EB989F00D1A890 /* main.m in Sources */,
				4F2CBFF9202F22CD00169E86 /* SplashScene.cpp in Sources */,
				4F2CBFFD202F252000169E86 /* LoadingView.cpp in Sources */,
				4F3AE461202F040400B687FB /* ScreenProperties.cpp in Sources */,
				4F3AE45D202F03D700B687FB /* Position.cpp in Sources */,
				4FBCDC5E2032207E006B3B5E /* Hero.cpp in Sources */,
				4FEFCC20205AE61700D447C4 /* JsonParser.cpp in Sources */,
			);
			runOnlyForDeploymentPostprocessing = 0;
		};
		5087E75617EB910900C73F5D /* Sources */ = {
			isa = PBXSourcesBuildPhase;
			buildActionMask = 2147483647;
			files = (
				4F3AE455202EE9E000B687FB /* ViewHelper.cpp in Sources */,
				4F12CC95207890190033DE0E /* ResolutionChecker.cpp in Sources */,
				4FA6AD7F202F8FC200158956 /* WorldView.cpp in Sources */,
				4F3AE459202EE9F600B687FB /* LogoView.cpp in Sources */,
				4FE0EAEA2030410000E6DD88 /* FontCreator.cpp in Sources */,
				4F7314C4205CF5B5005AAB83 /* BattleView.cpp in Sources */,
				4F3AE462202F040400B687FB /* ScreenProperties.cpp in Sources */,
				4FBCDC6F203220CD006B3B5E /* GridHDR.cpp in Sources */,
				46880B8919C43A87006E1F66 /* AppDelegate.cpp in Sources */,
				4FBCDC6D203220CD006B3B5E /* GridSystem.cpp in Sources */,
				4F9604D02059A12C004CAEED /* HeroView.cpp in Sources */,
				4FBCDC592032079A006B3B5E /* BattleInitCustomActions.cpp in Sources */,
				4F7EB1642069FF340086A900 /* BattleContainer.cpp in Sources */,
				4FD96FD1205B84F700C0F5A1 /* StringFileReader.cpp in Sources */,
				4FBCDC502032008E006B3B5E /* BattleScene.cpp in Sources */,
				4F2CBFFA202F22CD00169E86 /* SplashScene.cpp in Sources */,
				4F576D162075E17E00011BC7 /* GridView.cpp in Sources */,
				4F3AE450202EE32E00B687FB /* Resolution.cpp in Sources */,
				4F72384020637E0D0064037C /* HeroRepository.cpp in Sources */,
				4FBCDC542032031D006B3B5E /* BattleBackgroundView.cpp in Sources */,
				4F7314BF205CF3D4005AAB83 /* BattleHero.cpp in Sources */,
				4FE0EAE220303AD600E6DD88 /* BattleButton.cpp in Sources */,
				4F3AE44C202EE30500B687FB /* LogoScene.cpp in Sources */,
				4FBCDC69203220CD006B3B5E /* GridHD.cpp in Sources */,
				4F3AE45E202F03D700B687FB /* Position.cpp in Sources */,
				4F576D1B2075E56200011BC7 /* Coordinate2Screen.cpp in Sources */,
				4FA6AD71202F809A00158956 /* MainMenuScene.cpp in Sources */,
				4FA6AD86202F965E00158956 /* SpritesInitializer.cpp in Sources */,
				4F2CBFF3202F1E9300169E86 /* SpriteAnimator.cpp in Sources */,
				4FBCDC6B203220CD006B3B5E /* GridSD.cpp in Sources */,
				4FA6AD75202F83A200158956 /* BackgroundView.cpp in Sources */,
				4FD30898205ED742007D8039 /* HeroMoveEventListener.cpp in Sources */,
				4FEFCC21205AE61700D447C4 /* JsonParser.cpp in Sources */,
				4F2CBFFE202F252000169E86 /* LoadingView.cpp in Sources */,
				4F72384920637E580064037C /* BattleFactory.cpp in Sources */,
				4F3B0B82205E57C500D4B53C /* PathFinder.cpp in Sources */,
				4F89105B2034BF2800D8382C /* Coordinate.cpp in Sources */,
				4FEFCC23205AE61700D447C4 /* HeroParser.cpp in Sources */,
				4F2CBFEF202F1E7D00169E86 /* SoundPlayer.cpp in Sources */,
				4FA6AD69202F7C8800158956 /* SplashView.cpp in Sources */,
				4F72384D20637E850064037C /* BattleParser.cpp in Sources */,
				4F72384420637E450064037C /* Battle.cpp in Sources */,
				4FBCDC5F2032207E006B3B5E /* Hero.cpp in Sources */,
				503AE10517EB98FF00D1A890 /* main.cpp in Sources */,
				4F89105F2034BF3A00D8382C /* Grid.cpp in Sources */,
			);
			runOnlyForDeploymentPostprocessing = 0;
		};
/* End PBXSourcesBuildPhase section */

/* Begin PBXTargetDependency section */
		1AC6FB16180E9959004C840B /* PBXTargetDependency */ = {
			isa = PBXTargetDependency;
			name = "cocos2dx Mac";
			targetProxy = 1AC6FB15180E9959004C840B /* PBXContainerItemProxy */;
		};
		1AC6FB25180E99E1004C840B /* PBXTargetDependency */ = {
			isa = PBXTargetDependency;
			name = "cocos2dx iOS";
			targetProxy = 1AC6FB24180E99E1004C840B /* PBXContainerItemProxy */;
		};
/* End PBXTargetDependency section */

/* Begin XCBuildConfiguration section */
		1D6058940D05DD3E006BFB54 /* Debug */ = {
			isa = XCBuildConfiguration;
			buildSettings = {
				ALWAYS_SEARCH_USER_PATHS = YES;
				CODE_SIGN_IDENTITY = "iPhone Developer";
				COMPRESS_PNG_FILES = NO;
				ENABLE_BITCODE = NO;
				GCC_DYNAMIC_NO_PIC = NO;
				GCC_INLINES_ARE_PRIVATE_EXTERN = NO;
				GCC_PRECOMPILE_PREFIX_HEADER = YES;
				GCC_PREFIX_HEADER = ios/Prefix.pch;
				GCC_PREPROCESSOR_DEFINITIONS = (
					USE_FILE32API,
					"COCOS2D_DEBUG=1",
					"CC_ENABLE_CHIPMUNK_INTEGRATION=1",
				);
				GCC_SYMBOLS_PRIVATE_EXTERN = NO;
				HEADER_SEARCH_PATHS = "$(inherited)";
				INFOPLIST_FILE = ios/Info.plist;
				IPHONEOS_DEPLOYMENT_TARGET = 6.0;
				LIBRARY_SEARCH_PATHS = "";
				OTHER_LDFLAGS = (
					"$(_COCOS_LIB_IOS_BEGIN)",
					"$(_COCOS_LIB_IOS_END)",
				);
				SDKROOT = iphoneos;
				STRIP_PNG_TEXT = NO;
				TARGETED_DEVICE_FAMILY = "1,2";
				USER_HEADER_SEARCH_PATHS = "$(_COCOS_HEADER_IOS_BEGIN) $(_COCOS_HEADER_IOS_END)";
				VALID_ARCHS = "arm64 armv7";
			};
			name = Debug;
		};
		1D6058950D05DD3E006BFB54 /* Release */ = {
			isa = XCBuildConfiguration;
			buildSettings = {
				ALWAYS_SEARCH_USER_PATHS = YES;
				CODE_SIGN_IDENTITY = "iPhone Developer";
				COMPRESS_PNG_FILES = NO;
				ENABLE_BITCODE = NO;
				GCC_INLINES_ARE_PRIVATE_EXTERN = NO;
				GCC_PRECOMPILE_PREFIX_HEADER = YES;
				GCC_PREFIX_HEADER = ios/Prefix.pch;
				GCC_PREPROCESSOR_DEFINITIONS = (
					USE_FILE32API,
					"CC_ENABLE_CHIPMUNK_INTEGRATION=1",
					NDEBUG,
				);
				GCC_SYMBOLS_PRIVATE_EXTERN = NO;
				HEADER_SEARCH_PATHS = "$(inherited)";
				INFOPLIST_FILE = ios/Info.plist;
				IPHONEOS_DEPLOYMENT_TARGET = 6.0;
				LIBRARY_SEARCH_PATHS = "";
				OTHER_LDFLAGS = (
					"$(_COCOS_LIB_IOS_BEGIN)",
					"$(_COCOS_LIB_IOS_END)",
				);
				SDKROOT = iphoneos;
				STRIP_PNG_TEXT = NO;
				TARGETED_DEVICE_FAMILY = "1,2";
				USER_HEADER_SEARCH_PATHS = "$(_COCOS_HEADER_IOS_BEGIN) $(_COCOS_HEADER_IOS_END)";
				VALID_ARCHS = "arm64 armv7";
			};
			name = Release;
		};
		5087E76D17EB910900C73F5D /* Debug */ = {
			isa = XCBuildConfiguration;
			buildSettings = {
				ALWAYS_SEARCH_USER_PATHS = YES;
				ARCHS = "$(ARCHS_STANDARD_64_BIT)";
				CLANG_CXX_LANGUAGE_STANDARD = "c++0x";
				CLANG_CXX_LIBRARY = "libc++";
				GCC_DYNAMIC_NO_PIC = NO;
				GCC_INLINES_ARE_PRIVATE_EXTERN = NO;
				GCC_PRECOMPILE_PREFIX_HEADER = YES;
				GCC_PREFIX_HEADER = mac/Prefix.pch;
				GCC_PREPROCESSOR_DEFINITIONS = (
					USE_FILE32API,
					"COCOS2D_DEBUG=1",
					"CC_ENABLE_CHIPMUNK_INTEGRATION=1",
				);
				GCC_SYMBOLS_PRIVATE_EXTERN = NO;
				HEADER_SEARCH_PATHS = (
					"$(inherited)",
					"$(SRCROOT)/../cocos2d/external/glfw3/include/mac",
				);
				INFOPLIST_FILE = mac/Info.plist;
				LIBRARY_SEARCH_PATHS = "";
				OTHER_LDFLAGS = (
					"$(_COCOS_LIB_MAC_BEGIN)",
					"$(_COCOS_LIB_MAC_END)",
				);
				USER_HEADER_SEARCH_PATHS = "$(_COCOS_HEADER_MAC_BEGIN) $(_COCOS_HEADER_MAC_END)";
			};
			name = Debug;
		};
		5087E76E17EB910900C73F5D /* Release */ = {
			isa = XCBuildConfiguration;
			buildSettings = {
				ALWAYS_SEARCH_USER_PATHS = YES;
				ARCHS = "$(ARCHS_STANDARD_64_BIT)";
				CLANG_CXX_LANGUAGE_STANDARD = "c++0x";
				CLANG_CXX_LIBRARY = "libc++";
				GCC_INLINES_ARE_PRIVATE_EXTERN = NO;
				GCC_PRECOMPILE_PREFIX_HEADER = YES;
				GCC_PREFIX_HEADER = mac/Prefix.pch;
				GCC_PREPROCESSOR_DEFINITIONS = (
					USE_FILE32API,
					"CC_ENABLE_CHIPMUNK_INTEGRATION=1",
					NDEBUG,
				);
				GCC_SYMBOLS_PRIVATE_EXTERN = NO;
				HEADER_SEARCH_PATHS = (
					"$(inherited)",
					"$(SRCROOT)/../cocos2d/external/glfw3/include/mac",
				);
				INFOPLIST_FILE = mac/Info.plist;
				LIBRARY_SEARCH_PATHS = "";
				OTHER_LDFLAGS = (
					"$(_COCOS_LIB_MAC_BEGIN)",
					"$(_COCOS_LIB_MAC_END)",
				);
				USER_HEADER_SEARCH_PATHS = "$(_COCOS_HEADER_MAC_BEGIN) $(_COCOS_HEADER_MAC_END)";
			};
			name = Release;
		};
		C01FCF4F08A954540054247B /* Debug */ = {
			isa = XCBuildConfiguration;
			buildSettings = {
				CLANG_CXX_LANGUAGE_STANDARD = "c++0x";
				CLANG_CXX_LIBRARY = "libc++";
				COPY_PHASE_STRIP = NO;
				GCC_OPTIMIZATION_LEVEL = 0;
				GCC_WARN_ABOUT_RETURN_TYPE = YES;
				GCC_WARN_UNUSED_VARIABLE = YES;
				HEADER_SEARCH_PATHS = (
					"$(SRCROOT)/../cocos2d",
					"$(SRCROOT)/../cocos2d/cocos/audio/include",
					"$(SRCROOT)/../cocos2d/cocos",
					"$(SRCROOT)/../cocos2d/extensions",
					"$(SRCROOT)/../cocos2d/external",
					"$(SRCROOT)/../cocos2d/external/chipmunk/include/chipmunk",
					"$(SRCROOT)/../cocos2d/cocos/editor-support",
				);
				IPHONEOS_DEPLOYMENT_TARGET = 6.0;
				MACOSX_DEPLOYMENT_TARGET = 10.7;
				ONLY_ACTIVE_ARCH = YES;
				PRODUCT_NAME = "$(TARGET_NAME)";
				SDKROOT = macosx;
			};
			name = Debug;
		};
		C01FCF5008A954540054247B /* Release */ = {
			isa = XCBuildConfiguration;
			buildSettings = {
				CLANG_CXX_LANGUAGE_STANDARD = "c++0x";
				CLANG_CXX_LIBRARY = "libc++";
				GCC_WARN_ABOUT_RETURN_TYPE = YES;
				GCC_WARN_UNUSED_VARIABLE = YES;
				HEADER_SEARCH_PATHS = (
					"$(SRCROOT)/../cocos2d",
					"$(SRCROOT)/../cocos2d/cocos/audio/include",
					"$(SRCROOT)/../cocos2d/cocos",
					"$(SRCROOT)/../cocos2d/extensions",
					"$(SRCROOT)/../cocos2d/external",
					"$(SRCROOT)/../cocos2d/external/chipmunk/include/chipmunk",
					"$(SRCROOT)/../cocos2d/cocos/editor-support",
				);
				IPHONEOS_DEPLOYMENT_TARGET = 6.0;
				MACOSX_DEPLOYMENT_TARGET = 10.7;
				OTHER_CFLAGS = "-DNS_BLOCK_ASSERTIONS=1";
				PRODUCT_NAME = "$(TARGET_NAME)";
				SDKROOT = macosx;
				VALIDATE_PRODUCT = YES;
			};
			name = Release;
		};
/* End XCBuildConfiguration section */

/* Begin XCConfigurationList section */
		1D6058960D05DD3E006BFB54 /* Build configuration list for PBXNativeTarget "bfai-mobile" */ = {
			isa = XCConfigurationList;
			buildConfigurations = (
				1D6058940D05DD3E006BFB54 /* Debug */,
				1D6058950D05DD3E006BFB54 /* Release */,
			);
			defaultConfigurationIsVisible = 0;
			defaultConfigurationName = Debug;
		};
		5087E76C17EB910900C73F5D /* Build configuration list for PBXNativeTarget "bfai-desktop" */ = {
			isa = XCConfigurationList;
			buildConfigurations = (
				5087E76D17EB910900C73F5D /* Debug */,
				5087E76E17EB910900C73F5D /* Release */,
			);
			defaultConfigurationIsVisible = 0;
			defaultConfigurationName = Debug;
		};
		C01FCF4E08A954540054247B /* Build configuration list for PBXProject "bfai" */ = {
			isa = XCConfigurationList;
			buildConfigurations = (
				C01FCF4F08A954540054247B /* Debug */,
				C01FCF5008A954540054247B /* Release */,
			);
			defaultConfigurationIsVisible = 0;
			defaultConfigurationName = Debug;
		};
/* End XCConfigurationList section */
	};
	rootObject = 29B97313FDCFA39411CA2CEA /* Project object */;
}
